{
    "version": 3,
    "terraform_version": "0.9.11",
    "serial": 3,
    "lineage": "37696e94-c187-41c5-b212-9e379cd8f9de",
    "modules": [
        {
            "path": [
                "root"
            ],
            "outputs": {
                "dsm_db_engine": {
                    "sensitive": false,
                    "type": "string",
                    "value": "postgres"
                },
                "dsm_db_instance_name": {
                    "sensitive": false,
                    "type": "string",
                    "value": "trendmicro_dsm"
                },
                "dsm_db_instance_type": {
                    "sensitive": false,
                    "type": "string",
                    "value": "db.m4.xlarge"
                },
                "dsm_db_password": {
                    "sensitive": false,
                    "type": "string",
                    "value": "Welcome123!"
                },
                "dsm_db_type ": {
                    "sensitive": false,
                    "type": "string",
                    "value": "PostgreSQL"
                },
                "dsm_db_username": {
                    "sensitive": false,
                    "type": "string",
                    "value": "DSMMaster"
                },
                "dsm_password": {
                    "sensitive": false,
                    "type": "string",
                    "value": "Welcome123!"
                },
                "dsm_rds_endpoint": {
                    "sensitive": false,
                    "type": "string",
                    "value": "terraform-00027634192aa19d0b17ac3894.c7ujrxzwi4ll.eu-west-1.rds.amazonaws.com:5432"
                },
                "dsm_rds_name": {
                    "sensitive": false,
                    "type": "string",
                    "value": "trendmicro_dsm"
                },
                "dsm_username": {
                    "sensitive": false,
                    "type": "string",
                    "value": "admin"
                },
                "tm_server_address": {
                    "sensitive": false,
                    "type": "string",
                    "value": "10.160.10.199"
                },
                "tm_server_address_url": {
                    "sensitive": false,
                    "type": "string",
                    "value": "https://10.160.10.199"
                },
                "tm_server_id": {
                    "sensitive": false,
                    "type": "string",
                    "value": "i-0ebe35b8018e2087b"
                }
            },
            "resources": {
                "data.consul_keys.config": {
                    "type": "consul_keys",
                    "depends_on": [],
                    "primary": {
                        "id": "-",
                        "attributes": {
                            "datacenter": "eu-west-1",
                            "id": "-",
                            "key.#": "9",
                            "key.1289107963.default": "",
                            "key.1289107963.name": "os_type",
                            "key.1289107963.path": "aws/pcs/config/os/type",
                            "key.1348619403.default": "",
                            "key.1348619403.name": "environment",
                            "key.1348619403.path": "aws/pcs/config/environment",
                            "key.1411118419.default": "",
                            "key.1411118419.name": "default_tags",
                            "key.1411118419.path": "aws/pcs/config/default_tags",
                            "key.1415416511.default": "",
                            "key.1415416511.name": "conn_key_name",
                            "key.1415416511.path": "aws/pcs/config/os/conn/key_name",
                            "key.2415328176.default": "",
                            "key.2415328176.name": "conn_user_name",
                            "key.2415328176.path": "aws/pcs/config/os/conn/user_name",
                            "key.3974727853.default": "",
                            "key.3974727853.name": "group",
                            "key.3974727853.path": "aws/pcs/config/group",
                            "key.4137407122.default": "",
                            "key.4137407122.name": "region",
                            "key.4137407122.path": "aws/pcs/config/region",
                            "key.429766934.default": "",
                            "key.429766934.name": "org",
                            "key.429766934.path": "aws/pcs/config/org",
                            "key.997116527.default": "",
                            "key.997116527.name": "ami_id",
                            "key.997116527.path": "aws/pcs/config/os/ami_id",
                            "var.%": "9",
                            "var.ami_id": "",
                            "var.conn_key_name": "",
                            "var.conn_user_name": "",
                            "var.default_tags": "",
                            "var.environment": "sbx",
                            "var.group": "pcs",
                            "var.org": "vmdb",
                            "var.os_type": "",
                            "var.region": "eu-west-1"
                        },
                        "meta": {},
                        "tainted": false
                    },
                    "deposed": [],
                    "provider": ""
                },
                "data.terraform_remote_state.consul": {
                    "type": "terraform_remote_state",
                    "depends_on": [],
                    "primary": {
                        "id": "2017-08-10 21:04:29.402621094 +0000 UTC",
                        "attributes": {
                            "backend": "consul",
                            "config.%": "1",
                            "config.path": "aws/pcs/consul/tfstate",
                            "consul_address": "10.160.2.216",
                            "consul_address_url": "http://10.160.2.216:8500",
                            "consul_agent_sg_id": "sg-09b63c71",
                            "consul_cluster_sg_id": "sg-9eb03ae6",
                            "consul_data_center": "eu-west-1",
                            "consul_node_list.#": "3",
                            "consul_node_list.0": "10.160.2.216",
                            "consul_node_list.1": "10.160.4.175",
                            "consul_node_list.2": "10.160.6.5",
                            "environment": "sbx-eu-west-1",
                            "id": "2017-08-10 21:04:29.402621094 +0000 UTC"
                        },
                        "meta": {},
                        "tainted": false
                    },
                    "deposed": [],
                    "provider": ""
                },
                "data.terraform_remote_state.vault": {
                    "type": "terraform_remote_state",
                    "depends_on": [],
                    "primary": {
                        "id": "2017-08-10 21:04:28.829622377 +0000 UTC",
                        "attributes": {
                            "backend": "consul",
                            "config.%": "1",
                            "config.path": "aws/pcs/vault/tfstate",
                            "environment": "sbx-eu-west-1",
                            "id": "2017-08-10 21:04:28.829622377 +0000 UTC",
                            "vault_address": "10.160.3.98",
                            "vault_cluster_name": "vmdb-pcs-sbx-vault_pcs",
                            "vault_iam_profile_name": "Vault-VMDB-PCS-SBX-VPC",
                            "vault_sg_id": "sg-3bbb2a43",
                            "vault_url": "http://10.160.3.98:8200"
                        },
                        "meta": {},
                        "tainted": false
                    },
                    "deposed": [],
                    "provider": ""
                },
                "data.terraform_remote_state.vpc": {
                    "type": "terraform_remote_state",
                    "depends_on": [],
                    "primary": {
                        "id": "2017-08-10 21:04:31.207662614 +0000 UTC",
                        "attributes": {
                            "VPC_Endpoint": "vpce-b454a7dd",
                            "azs.#": "3",
                            "azs.0": "eu-west-1a",
                            "azs.1": "eu-west-1b",
                            "azs.2": "eu-west-1c",
                            "backend": "consul",
                            "config.%": "1",
                            "config.path": "aws/pcs/vpc/tfstate",
                            "data_subnet_ids.#": "3",
                            "data_subnet_ids.0": "subnet-5fb33738",
                            "data_subnet_ids.1": "subnet-5835b811",
                            "data_subnet_ids.2": "subnet-a5d010fe",
                            "dmz_subnets.#": "3",
                            "dmz_subnets.0": "subnet-8fb236e8",
                            "dmz_subnets.1": "subnet-0430bd4d",
                            "dmz_subnets.2": "subnet-cbd51590",
                            "environment": "sbx-eu-west-1",
                            "id": "2017-08-10 21:04:31.207662614 +0000 UTC",
                            "openvpn_address": "52.214.17.93",
                            "security_subnet_ids.#": "3",
                            "security_subnet_ids.0": "subnet-60bc3807",
                            "security_subnet_ids.1": "subnet-7834b931",
                            "security_subnet_ids.2": "subnet-e2d313b9",
                            "service_subnet_ids.#": "3",
                            "service_subnet_ids.0": "subnet-61bc3806",
                            "service_subnet_ids.1": "subnet-2135b868",
                            "service_subnet_ids.2": "subnet-0ed31355",
                            "vpc_cidr": "10.160.0.0/18",
                            "vpc_id": "vpc-2f1a9848",
                            "vpc_name": "VMDB-PCS-SBX-VPC"
                        },
                        "meta": {},
                        "tainted": false
                    },
                    "deposed": [],
                    "provider": ""
                },
                "data.vault_generic_secret.connection": {
                    "type": "vault_generic_secret",
                    "depends_on": [
                        "data.consul_keys.config"
                    ],
                    "primary": {
                        "id": "188cc439-286b-1063-5b72-0229427d5f17",
                        "attributes": {
                            "data.%": "1",
                            "data.key": "-----BEGIN RSA PRIVATE KEY-----\nMIIJKgIBAAKCAgEA3zo8QwZIpeL4BDLQ8s4tpkjZZ/H+MsbTyimimSnchT1LgqLd\nlBmIxbD1u8kqhW+fitclpmPdyrTaNcdnUmRXCyH/k/0XFTuTTGA8XyuDI8Gt4pUG\nY1322AecrycKNzl8AOTAwSvFLwjsWIHiXSsKhg4lvykkxbhnYawVPTVgbqKiqXgT\ntp2Pcwc05BHBa6uU8MbKxJzflQ9mLWdt1MpkUEJ4wqJT8uiL4K3NbOQgBqf704C6\nchdCoqTRYu0pdnf3YgZhq83vKf+0SniUyVscmnz2cfLuEwr/xVHhGuf2x/U/uj3P\nQBHxBSjyrbsUwv29ifyFMvX8iu/es7XB9ydN8u3fUvssiF0mmBjAd67DXmp+7nqJ\nQTqsZMcnFM3Pb9pLR99HSLtGQ0Z6OtdO5QkAjmNpxvIPpxUZPnHs207DuFlX2l3j\nQvzxbF0ofSNRABnQxEkJTHrBDjlt4B+F8SjSvt+PcM+VC8l/eJjmaoO4ePo16/qy\nm1Jbpz3dnSClCveNwlWu6QW+B4yOMgdYQSSJb9bnowVKtRwy6+S106v6+xFNEFA0\n0MaoklsnktsMY66hekrICHL8SO0gTHXjjK+ojVZtzbac2tRExHHo5I3GiHCl9UW9\n5feIzxxs7VCiDFkVN0vluBztwUtLstWONxsGqfpquSGxaZ4KPWMsE6UF2TECAwEA\nAQKCAgEA0AMmUJa0b9CWqOLpjrjOFRvha1k3NP3OMZ6mo+88TPSXPr6hl/ZLW1zR\nQBHvC7S+iNR/gxOgg9oPVPnhsAdMjVU7Ih4/uktvsUYkO9MCOvmqHXAdKc9PzHMb\ncKQCgv+QLAz+CYPOFUxNYRR3abZH8i+QwReH6q8xtvRyPj1VBQOMbDs2s38TQ289\nvCFHihuziMLWBGzic7aL0leFIzsOSzQF7+jwLXTBk7ahrIzPwyQaKDbWhqZiM8k+\nTN8POhQEdFXaAgy+hvZ+fL7sds3uU4+K3xgu/ZPMT4VDLJ1ne2Fv5w7d56hQXiyQ\nJ5AjgqiMTN8BCEHs+VMYxYHjo3n+yVlLVJu4NzcPQzVHaM4HC+1pPe5EKlTDU+c3\ncWWpZ5ssfEXl5mcnd42GmQd4EtcQfulTy16ei33SAXC3/7UlQsl5B0tRB86e3GF6\n7aAGKofh5TyETThNlY7TXKCbKJa1rzUlpTYbOgag1rskDdirsb4s8hVArmB2dK6T\nibvy1/xiNpLu10fvm5EFohXEgAUGI42cn3dm/S1+GiwJQOvR559XTypGegPese2j\n9KGsZeEnu/T/A0B9CZiB5671uuQbXzMADH4f9eR/U6sIwVPlL7yn24cAuOUMh8W0\nz78xWsDwBZ6guV5dBYvqgM5vZhdivKZLn4x5hxe5KVGygHjm4AECggEBAPfatxKC\n32INs4FhOhmPcpMcS6/sUHFoKE0lV83kKohYuknLZGxdAeRg37D2/clwAtLssP8Y\nAT8/X9wSbn9SbBI5Vy5yL6jEMUW3rDldMkFpuRBeXtEzGFbwZc7eB+gyrw4hzy43\n71L+P02PdlDhiTGgJWyFRJbtBJDxS+T8T3cho1LoJkpWUU6WeCz+MoCKsvqiy/A6\nW+UjszWN1E3pKQBrbtuMRD4TJLKSkG0MVlZfhWsEM95h4RaBSCjBiyayKRxMzVcw\nlm9WP+r2MpPaXneKBiyhBOnOvY7Z+db0wXy6BQQ5QyRp7RxU5LP/GiPHXMqQfCAI\nJX+IlPTArZ785jECggEBAOaQU2jW66B7nqSOpHAa4ymERklTYwUv6Ts5HGC3HBYH\nJWNfhQv99eH6Et07WMKul8fG5wGfZjNboQUZur/6juSAReGhTYwrX7Gjiry/ZyKJ\n8wpqhD3aQyGs1x2f3bVearQfiv67hVY06Jd6bhrOG1RkCqxQUVHeM9qSdU1p4zgT\n2AdSqR3Ag/HjSju17ZGENtIoQ3oC9QSbz6auvya5e4ooZ6A2vukUGbFxuq64D+dY\nkCOvxnbW4LW3fQZTVkeEapa9YO2xySZxJTOaSUsKzvE0co+q2ec2xkPrcdHJSUZm\nYu/cLXoz4Y9i3qBjfWsbtCLMOKE1jezSqHYVRVREYwECggEBALvtJuAvQOac0t0n\ndiEJRetLCgxClp/WRLBxvwiKlsE43U60m9kaECQ0W4dXTwgcGNgKxQ02C0QEbk9z\n3jpFqVGMDpFV3NMOpvlgkYIRKti0K7DAjQ37utm4fskCSmaBf3+snOVDXf/EbQUG\n4MPkrdxlu9pzlZUF829etZfSwwHmDGsBQH8ewZlft5EN0Abso1Ysd4sXBLRRhED3\n3+CPCBqcWrq2uMuEQk/vlvhH4XKuDIAe+KEF/9/LeIYGcdaOQWOGzC7u1TFn6SDj\nOWgnq3bhvVq7X/lTWyDkH24fuFE0zjbsn/8NHc5cg+gCZbR5Jd8k/ChhZOU1DxQg\nv8QLpxECggEAZEPXQfxUs5GOx9kQQYAv0VoohrKwmQzgzFRlttlqaVnqNHDRlwl1\n6DOsCHFKhD8Q2lvxEY+UDjmGqIUr5Vi80znFKf3Pj2k9UC7ionpKC4caHil8ILnN\n/9L+KW/gJoNMu9ALzgMWVQrlKxqezyFaWTS4P38eHhAXVLHkOSoXGcfnZifYS4vw\n1TwWiCjxixqIDJRd461th/eKMd5EWj7HLqmrhszH8OxA0B25JUn+AIlPBXXnRL7l\nMaD9ycZr+uXmxG7OvA9YflMt7mbmALBOli5Ms5WE9TuotNiqwqRaLTdRRyXk0QPG\nz2gbkHwzimSdzZQp/FEhyx9BCzjs0Vx8AQKCAQEAgD5r58eVFoP626OMJAJr4b4G\n1efhKM/S5w1K7BgPJLXvNgS5Lb5F6FMmQf0e8Jxw0fCCXv32EHz4Ib8HP6zkJCR/\nt+vpVL19N91ImvFkm3jWEHJu4iAF8ZKRZJrurtiEXAp0aRVVtkn3l3JjHZGHhx43\nQtartdl6JtM+LrRmJYlffbE0qJo2tF+fqQSv2DqOQ6yn/mRC0aBSAU8XArXBaReO\nKcnA54iCtsqmmqxyCGFNEl5MzXLtjCDvVSyacsjOgLSNANK4an5w9CnP6OxUg/AU\nY+6QhrAe5cAjL/DYTgK6kZMo34LpO87C0JII8lZN+0GkXCB/v5Jdmeff3BykxA==\n-----END RSA PRIVATE KEY-----\n",
                            "data_json": "{\"key\":\"-----BEGIN RSA PRIVATE KEY-----\\nMIIJKgIBAAKCAgEA3zo8QwZIpeL4BDLQ8s4tpkjZZ/H+MsbTyimimSnchT1LgqLd\\nlBmIxbD1u8kqhW+fitclpmPdyrTaNcdnUmRXCyH/k/0XFTuTTGA8XyuDI8Gt4pUG\\nY1322AecrycKNzl8AOTAwSvFLwjsWIHiXSsKhg4lvykkxbhnYawVPTVgbqKiqXgT\\ntp2Pcwc05BHBa6uU8MbKxJzflQ9mLWdt1MpkUEJ4wqJT8uiL4K3NbOQgBqf704C6\\nchdCoqTRYu0pdnf3YgZhq83vKf+0SniUyVscmnz2cfLuEwr/xVHhGuf2x/U/uj3P\\nQBHxBSjyrbsUwv29ifyFMvX8iu/es7XB9ydN8u3fUvssiF0mmBjAd67DXmp+7nqJ\\nQTqsZMcnFM3Pb9pLR99HSLtGQ0Z6OtdO5QkAjmNpxvIPpxUZPnHs207DuFlX2l3j\\nQvzxbF0ofSNRABnQxEkJTHrBDjlt4B+F8SjSvt+PcM+VC8l/eJjmaoO4ePo16/qy\\nm1Jbpz3dnSClCveNwlWu6QW+B4yOMgdYQSSJb9bnowVKtRwy6+S106v6+xFNEFA0\\n0MaoklsnktsMY66hekrICHL8SO0gTHXjjK+ojVZtzbac2tRExHHo5I3GiHCl9UW9\\n5feIzxxs7VCiDFkVN0vluBztwUtLstWONxsGqfpquSGxaZ4KPWMsE6UF2TECAwEA\\nAQKCAgEA0AMmUJa0b9CWqOLpjrjOFRvha1k3NP3OMZ6mo+88TPSXPr6hl/ZLW1zR\\nQBHvC7S+iNR/gxOgg9oPVPnhsAdMjVU7Ih4/uktvsUYkO9MCOvmqHXAdKc9PzHMb\\ncKQCgv+QLAz+CYPOFUxNYRR3abZH8i+QwReH6q8xtvRyPj1VBQOMbDs2s38TQ289\\nvCFHihuziMLWBGzic7aL0leFIzsOSzQF7+jwLXTBk7ahrIzPwyQaKDbWhqZiM8k+\\nTN8POhQEdFXaAgy+hvZ+fL7sds3uU4+K3xgu/ZPMT4VDLJ1ne2Fv5w7d56hQXiyQ\\nJ5AjgqiMTN8BCEHs+VMYxYHjo3n+yVlLVJu4NzcPQzVHaM4HC+1pPe5EKlTDU+c3\\ncWWpZ5ssfEXl5mcnd42GmQd4EtcQfulTy16ei33SAXC3/7UlQsl5B0tRB86e3GF6\\n7aAGKofh5TyETThNlY7TXKCbKJa1rzUlpTYbOgag1rskDdirsb4s8hVArmB2dK6T\\nibvy1/xiNpLu10fvm5EFohXEgAUGI42cn3dm/S1+GiwJQOvR559XTypGegPese2j\\n9KGsZeEnu/T/A0B9CZiB5671uuQbXzMADH4f9eR/U6sIwVPlL7yn24cAuOUMh8W0\\nz78xWsDwBZ6guV5dBYvqgM5vZhdivKZLn4x5hxe5KVGygHjm4AECggEBAPfatxKC\\n32INs4FhOhmPcpMcS6/sUHFoKE0lV83kKohYuknLZGxdAeRg37D2/clwAtLssP8Y\\nAT8/X9wSbn9SbBI5Vy5yL6jEMUW3rDldMkFpuRBeXtEzGFbwZc7eB+gyrw4hzy43\\n71L+P02PdlDhiTGgJWyFRJbtBJDxS+T8T3cho1LoJkpWUU6WeCz+MoCKsvqiy/A6\\nW+UjszWN1E3pKQBrbtuMRD4TJLKSkG0MVlZfhWsEM95h4RaBSCjBiyayKRxMzVcw\\nlm9WP+r2MpPaXneKBiyhBOnOvY7Z+db0wXy6BQQ5QyRp7RxU5LP/GiPHXMqQfCAI\\nJX+IlPTArZ785jECggEBAOaQU2jW66B7nqSOpHAa4ymERklTYwUv6Ts5HGC3HBYH\\nJWNfhQv99eH6Et07WMKul8fG5wGfZjNboQUZur/6juSAReGhTYwrX7Gjiry/ZyKJ\\n8wpqhD3aQyGs1x2f3bVearQfiv67hVY06Jd6bhrOG1RkCqxQUVHeM9qSdU1p4zgT\\n2AdSqR3Ag/HjSju17ZGENtIoQ3oC9QSbz6auvya5e4ooZ6A2vukUGbFxuq64D+dY\\nkCOvxnbW4LW3fQZTVkeEapa9YO2xySZxJTOaSUsKzvE0co+q2ec2xkPrcdHJSUZm\\nYu/cLXoz4Y9i3qBjfWsbtCLMOKE1jezSqHYVRVREYwECggEBALvtJuAvQOac0t0n\\ndiEJRetLCgxClp/WRLBxvwiKlsE43U60m9kaECQ0W4dXTwgcGNgKxQ02C0QEbk9z\\n3jpFqVGMDpFV3NMOpvlgkYIRKti0K7DAjQ37utm4fskCSmaBf3+snOVDXf/EbQUG\\n4MPkrdxlu9pzlZUF829etZfSwwHmDGsBQH8ewZlft5EN0Abso1Ysd4sXBLRRhED3\\n3+CPCBqcWrq2uMuEQk/vlvhH4XKuDIAe+KEF/9/LeIYGcdaOQWOGzC7u1TFn6SDj\\nOWgnq3bhvVq7X/lTWyDkH24fuFE0zjbsn/8NHc5cg+gCZbR5Jd8k/ChhZOU1DxQg\\nv8QLpxECggEAZEPXQfxUs5GOx9kQQYAv0VoohrKwmQzgzFRlttlqaVnqNHDRlwl1\\n6DOsCHFKhD8Q2lvxEY+UDjmGqIUr5Vi80znFKf3Pj2k9UC7ionpKC4caHil8ILnN\\n/9L+KW/gJoNMu9ALzgMWVQrlKxqezyFaWTS4P38eHhAXVLHkOSoXGcfnZifYS4vw\\n1TwWiCjxixqIDJRd461th/eKMd5EWj7HLqmrhszH8OxA0B25JUn+AIlPBXXnRL7l\\nMaD9ycZr+uXmxG7OvA9YflMt7mbmALBOli5Ms5WE9TuotNiqwqRaLTdRRyXk0QPG\\nz2gbkHwzimSdzZQp/FEhyx9BCzjs0Vx8AQKCAQEAgD5r58eVFoP626OMJAJr4b4G\\n1efhKM/S5w1K7BgPJLXvNgS5Lb5F6FMmQf0e8Jxw0fCCXv32EHz4Ib8HP6zkJCR/\\nt+vpVL19N91ImvFkm3jWEHJu4iAF8ZKRZJrurtiEXAp0aRVVtkn3l3JjHZGHhx43\\nQtartdl6JtM+LrRmJYlffbE0qJo2tF+fqQSv2DqOQ6yn/mRC0aBSAU8XArXBaReO\\nKcnA54iCtsqmmqxyCGFNEl5MzXLtjCDvVSyacsjOgLSNANK4an5w9CnP6OxUg/AU\\nY+6QhrAe5cAjL/DYTgK6kZMo34LpO87C0JII8lZN+0GkXCB/v5Jdmeff3BykxA==\\n-----END RSA PRIVATE KEY-----\\n\"}",
                            "id": "188cc439-286b-1063-5b72-0229427d5f17",
                            "lease_duration": "2764800",
                            "lease_id": "",
                            "lease_renewable": "false",
                            "lease_start_time": "RFC3339",
                            "path": "secret/vmdb/pcs/sbx/conn"
                        },
                        "meta": {},
                        "tainted": false
                    },
                    "deposed": [],
                    "provider": ""
                }
            },
            "depends_on": []
        },
        {
            "path": [
                "root",
                "trend-micro-dsm"
            ],
            "outputs": {
                "dsm_db_engine": {
                    "sensitive": false,
                    "type": "string",
                    "value": "postgres"
                },
                "dsm_db_instance_name": {
                    "sensitive": false,
                    "type": "string",
                    "value": "trendmicro_dsm"
                },
                "dsm_db_instance_type": {
                    "sensitive": false,
                    "type": "string",
                    "value": "db.m4.xlarge"
                },
                "dsm_db_password": {
                    "sensitive": false,
                    "type": "string",
                    "value": "Welcome123!"
                },
                "dsm_db_type": {
                    "sensitive": false,
                    "type": "string",
                    "value": "PostgreSQL"
                },
                "dsm_db_username": {
                    "sensitive": false,
                    "type": "string",
                    "value": "DSMMaster"
                },
                "dsm_password": {
                    "sensitive": false,
                    "type": "string",
                    "value": "Welcome123!"
                },
                "dsm_rds_address": {
                    "sensitive": false,
                    "type": "string",
                    "value": "terraform-00027634192aa19d0b17ac3894.c7ujrxzwi4ll.eu-west-1.rds.amazonaws.com"
                },
                "dsm_rds_endpoint": {
                    "sensitive": false,
                    "type": "string",
                    "value": "terraform-00027634192aa19d0b17ac3894.c7ujrxzwi4ll.eu-west-1.rds.amazonaws.com:5432"
                },
                "dsm_rds_id": {
                    "sensitive": false,
                    "type": "string",
                    "value": "terraform-00027634192aa19d0b17ac3894"
                },
                "dsm_rds_name": {
                    "sensitive": false,
                    "type": "string",
                    "value": "trendmicro_dsm"
                },
                "dsm_username": {
                    "sensitive": false,
                    "type": "string",
                    "value": "admin"
                },
                "priv_address": {
                    "sensitive": false,
                    "type": "string",
                    "value": "10.160.10.199"
                },
                "tm_server_id": {
                    "sensitive": false,
                    "type": "string",
                    "value": "i-0ebe35b8018e2087b"
                }
            },
            "resources": {
                "aws_db_instance.tm_server_rds": {
                    "type": "aws_db_instance",
                    "depends_on": [
                        "aws_db_subnet_group.trend_dsm_subnet",
                        "aws_security_group.dsm_db_access"
                    ],
                    "primary": {
                        "id": "terraform-00027634192aa19d0b17ac3894",
                        "attributes": {
                            "address": "terraform-00027634192aa19d0b17ac3894.c7ujrxzwi4ll.eu-west-1.rds.amazonaws.com",
                            "allocated_storage": "10",
                            "arn": "arn:aws:rds:eu-west-1:733965911716:db:terraform-00027634192aa19d0b17ac3894",
                            "auto_minor_version_upgrade": "true",
                            "availability_zone": "eu-west-1b",
                            "backup_retention_period": "0",
                            "backup_window": "02:46-03:16",
                            "copy_tags_to_snapshot": "false",
                            "db_subnet_group_name": "vmdb-pcs-sbx-trendmicro-dsm-subnet-group",
                            "endpoint": "terraform-00027634192aa19d0b17ac3894.c7ujrxzwi4ll.eu-west-1.rds.amazonaws.com:5432",
                            "engine": "postgres",
                            "engine_version": "9.6.2",
                            "hosted_zone_id": "Z29XKXDKYMONMX",
                            "iam_database_authentication_enabled": "false",
                            "id": "terraform-00027634192aa19d0b17ac3894",
                            "identifier": "terraform-00027634192aa19d0b17ac3894",
                            "instance_class": "db.m4.xlarge",
                            "iops": "0",
                            "kms_key_id": "arn:aws:kms:eu-west-1:733965911716:key/6ece3df2-1e9c-4768-a4e8-6d47a23695f9",
                            "license_model": "postgresql-license",
                            "maintenance_window": "mon:01:31-mon:02:01",
                            "monitoring_interval": "0",
                            "multi_az": "false",
                            "name": "trendmicro_dsm",
                            "option_group_name": "default:postgres-9-6",
                            "parameter_group_name": "default.postgres9.6",
                            "password": "Welcome123!",
                            "port": "5432",
                            "publicly_accessible": "false",
                            "replicas.#": "0",
                            "replicate_source_db": "",
                            "resource_id": "db-DP65S6AFWFJM3SU64LHCQQYKZU",
                            "security_group_names.#": "0",
                            "skip_final_snapshot": "true",
                            "status": "available",
                            "storage_encrypted": "true",
                            "storage_type": "gp2",
                            "tags.%": "0",
                            "timezone": "",
                            "username": "DSMMaster",
                            "vpc_security_group_ids.#": "1",
                            "vpc_security_group_ids.2259032197": "sg-59069721"
                        },
                        "meta": {
                            "e2bfb730-ecaa-11e6-8f88-34363bc7c4c0": {
                                "create": 2400000000000,
                                "delete": 2400000000000,
                                "update": 4800000000000
                            }
                        },
                        "tainted": false
                    },
                    "deposed": [],
                    "provider": ""
                },
                "aws_db_subnet_group.trend_dsm_subnet": {
                    "type": "aws_db_subnet_group",
                    "depends_on": [],
                    "primary": {
                        "id": "vmdb-pcs-sbx-trendmicro-dsm-subnet-group",
                        "attributes": {
                            "arn": "arn:aws:rds:eu-west-1:733965911716:subgrp:vmdb-pcs-sbx-trendmicro-dsm-subnet-group",
                            "description": "Managed by Terraform",
                            "id": "vmdb-pcs-sbx-trendmicro-dsm-subnet-group",
                            "name": "vmdb-pcs-sbx-trendmicro-dsm-subnet-group",
                            "subnet_ids.#": "3",
                            "subnet_ids.1027062916": "subnet-5835b811",
                            "subnet_ids.447756493": "subnet-a5d010fe",
                            "subnet_ids.893973824": "subnet-5fb33738",
                            "tags.%": "1",
                            "tags.Name": "Trend Micro DSM Subnet Group"
                        },
                        "meta": {},
                        "tainted": false
                    },
                    "deposed": [],
                    "provider": ""
                },
                "aws_iam_role.tm_metering": {
                    "type": "aws_iam_role",
                    "depends_on": [],
                    "primary": {
                        "id": "vmdb-pcs-sbx-TrendMicroRole-role",
                        "attributes": {
                            "arn": "arn:aws:iam::733965911716:role/vmdb-pcs-sbx-TrendMicroRole-role",
                            "assume_role_policy": "{\"Version\":\"2012-10-17\",\"Statement\":[{\"Sid\":\"\",\"Effect\":\"Allow\",\"Principal\":{\"Service\":\"ec2.amazonaws.com\"},\"Action\":\"sts:AssumeRole\"}]}",
                            "create_date": "2017-08-10T20:54:24Z",
                            "id": "vmdb-pcs-sbx-TrendMicroRole-role",
                            "name": "vmdb-pcs-sbx-TrendMicroRole-role",
                            "path": "/",
                            "unique_id": "AROAJJO26W3NLYO2BJ2Z4"
                        },
                        "meta": {},
                        "tainted": false
                    },
                    "deposed": [],
                    "provider": ""
                },
                "aws_instance.tm_server": {
                    "type": "aws_instance",
                    "depends_on": [
                        "aws_db_instance.tm_server_rds",
                        "aws_security_group.tm_access",
                        "data.template_file.cfn-auto-reloader",
                        "data.template_file.cfn-hup",
                        "data.template_file.dsm-config"
                    ],
                    "primary": {
                        "id": "i-0ebe35b8018e2087b",
                        "attributes": {
                            "ami": "ami-3e5ebc47",
                            "associate_public_ip_address": "false",
                            "availability_zone": "eu-west-1b",
                            "disable_api_termination": "false",
                            "ebs_block_device.#": "1",
                            "ebs_block_device.3818445397.delete_on_termination": "true",
                            "ebs_block_device.3818445397.device_name": "/dev/sdf",
                            "ebs_block_device.3818445397.encrypted": "false",
                            "ebs_block_device.3818445397.iops": "384",
                            "ebs_block_device.3818445397.snapshot_id": "snap-001f8ef8b772b9be9",
                            "ebs_block_device.3818445397.volume_size": "128",
                            "ebs_block_device.3818445397.volume_type": "gp2",
                            "ebs_optimized": "false",
                            "ephemeral_block_device.#": "0",
                            "iam_instance_profile": "",
                            "id": "i-0ebe35b8018e2087b",
                            "instance_state": "running",
                            "instance_type": "m4.xlarge",
                            "ipv6_addresses.#": "0",
                            "key_name": "automation-JDPCS-JDSBX.pem",
                            "monitoring": "false",
                            "network_interface.#": "0",
                            "network_interface_id": "eni-5bced967",
                            "primary_network_interface_id": "eni-5bced967",
                            "private_dns": "ip-10-160-10-199.eu-west-1.compute.internal",
                            "private_ip": "10.160.10.199",
                            "public_dns": "",
                            "public_ip": "",
                            "root_block_device.#": "1",
                            "root_block_device.0.delete_on_termination": "true",
                            "root_block_device.0.iops": "100",
                            "root_block_device.0.volume_size": "25",
                            "root_block_device.0.volume_type": "gp2",
                            "security_groups.#": "0",
                            "source_dest_check": "true",
                            "subnet_id": "subnet-7834b931",
                            "tags.%": "5",
                            "tags.ApplicationName": "Cloud Kickstart for AWS",
                            "tags.BusinessOwner": "Kacy.Clarke@cloudtp.com",
                            "tags.Environment": "Sandbox",
                            "tags.Name": "VMDB-PCS-SBX-TrendMicro-EC2",
                            "tags.TechnicalResource": "Jeff.Dickman@cloudtp.com",
                            "tenancy": "default",
                            "user_data": "30059d7024d1b44dccf9b3056a49f5f1919e8e60",
                            "volume_tags.%": "0",
                            "vpc_security_group_ids.#": "1",
                            "vpc_security_group_ids.1628766928": "sg-990594e1"
                        },
                        "meta": {
                            "e2bfb730-ecaa-11e6-8f88-34363bc7c4c0": {
                                "create": 600000000000,
                                "delete": 600000000000,
                                "update": 600000000000
                            },
                            "schema_version": "1"
                        },
                        "tainted": false
                    },
                    "deposed": [],
                    "provider": ""
                },
                "aws_security_group.dsm_db_access": {
                    "type": "aws_security_group",
                    "depends_on": [
                        "aws_security_group.tm_access"
                    ],
                    "primary": {
                        "id": "sg-59069721",
                        "attributes": {
                            "description": "Allow traffic to Trend Micro DB Server",
                            "egress.#": "0",
                            "id": "sg-59069721",
                            "ingress.#": "1",
                            "ingress.2659445942.cidr_blocks.#": "0",
                            "ingress.2659445942.from_port": "5432",
                            "ingress.2659445942.ipv6_cidr_blocks.#": "0",
                            "ingress.2659445942.protocol": "tcp",
                            "ingress.2659445942.security_groups.#": "1",
                            "ingress.2659445942.security_groups.1628766928": "sg-990594e1",
                            "ingress.2659445942.self": "false",
                            "ingress.2659445942.to_port": "5432",
                            "name": "VMDB-PCS-SBX-TrendMicroDSM-DB-Access-sq",
                            "owner_id": "733965911716",
                            "tags.%": "5",
                            "tags.ApplicationName": "Cloud Kickstart for AWS",
                            "tags.BusinessOwner": "Kacy.Clarke@cloudtp.com",
                            "tags.Environment": "Sandbox",
                            "tags.Name": "vmdb-TrendMicroDBAccess-sbx-App",
                            "tags.TechnicalResource": "Jeff.Dickman@cloudtp.com",
                            "vpc_id": "vpc-2f1a9848"
                        },
                        "meta": {},
                        "tainted": false
                    },
                    "deposed": [],
                    "provider": ""
                },
                "aws_security_group.tm_access": {
                    "type": "aws_security_group",
                    "depends_on": [],
                    "primary": {
                        "id": "sg-990594e1",
                        "attributes": {
                            "description": "Allow traffic to Trend Micro Server",
                            "egress.#": "1",
                            "egress.482069346.cidr_blocks.#": "1",
                            "egress.482069346.cidr_blocks.0": "0.0.0.0/0",
                            "egress.482069346.from_port": "0",
                            "egress.482069346.ipv6_cidr_blocks.#": "0",
                            "egress.482069346.prefix_list_ids.#": "0",
                            "egress.482069346.protocol": "-1",
                            "egress.482069346.security_groups.#": "0",
                            "egress.482069346.self": "false",
                            "egress.482069346.to_port": "0",
                            "id": "sg-990594e1",
                            "ingress.#": "6",
                            "ingress.1020483832.cidr_blocks.#": "1",
                            "ingress.1020483832.cidr_blocks.0": "10.160.0.0/18",
                            "ingress.1020483832.from_port": "22",
                            "ingress.1020483832.ipv6_cidr_blocks.#": "0",
                            "ingress.1020483832.protocol": "tcp",
                            "ingress.1020483832.security_groups.#": "0",
                            "ingress.1020483832.self": "false",
                            "ingress.1020483832.to_port": "22",
                            "ingress.197277091.cidr_blocks.#": "1",
                            "ingress.197277091.cidr_blocks.0": "10.160.0.0/18",
                            "ingress.197277091.from_port": "443",
                            "ingress.197277091.ipv6_cidr_blocks.#": "0",
                            "ingress.197277091.protocol": "tcp",
                            "ingress.197277091.security_groups.#": "0",
                            "ingress.197277091.self": "false",
                            "ingress.197277091.to_port": "443",
                            "ingress.2437324333.cidr_blocks.#": "1",
                            "ingress.2437324333.cidr_blocks.0": "10.160.0.0/18",
                            "ingress.2437324333.from_port": "4122",
                            "ingress.2437324333.ipv6_cidr_blocks.#": "0",
                            "ingress.2437324333.protocol": "tcp",
                            "ingress.2437324333.security_groups.#": "0",
                            "ingress.2437324333.self": "false",
                            "ingress.2437324333.to_port": "4122",
                            "ingress.2579694816.cidr_blocks.#": "1",
                            "ingress.2579694816.cidr_blocks.0": "10.160.0.0/18",
                            "ingress.2579694816.from_port": "4120",
                            "ingress.2579694816.ipv6_cidr_blocks.#": "0",
                            "ingress.2579694816.protocol": "tcp",
                            "ingress.2579694816.security_groups.#": "0",
                            "ingress.2579694816.self": "false",
                            "ingress.2579694816.to_port": "4120",
                            "ingress.3244182184.cidr_blocks.#": "1",
                            "ingress.3244182184.cidr_blocks.0": "10.160.0.0/18",
                            "ingress.3244182184.from_port": "4118",
                            "ingress.3244182184.ipv6_cidr_blocks.#": "0",
                            "ingress.3244182184.protocol": "tcp",
                            "ingress.3244182184.security_groups.#": "0",
                            "ingress.3244182184.self": "false",
                            "ingress.3244182184.to_port": "4118",
                            "ingress.4262976541.cidr_blocks.#": "1",
                            "ingress.4262976541.cidr_blocks.0": "10.160.0.0/18",
                            "ingress.4262976541.from_port": "8080",
                            "ingress.4262976541.ipv6_cidr_blocks.#": "0",
                            "ingress.4262976541.protocol": "tcp",
                            "ingress.4262976541.security_groups.#": "0",
                            "ingress.4262976541.self": "false",
                            "ingress.4262976541.to_port": "8080",
                            "name": "VMDB-PCS-SBX-TrendMicroDSM-Access-sg",
                            "owner_id": "733965911716",
                            "tags.%": "5",
                            "tags.ApplicationName": "Cloud Kickstart for AWS",
                            "tags.BusinessOwner": "Kacy.Clarke@cloudtp.com",
                            "tags.Environment": "Sandbox",
                            "tags.Name": "vmdb-TrendMicroAccess-sbx-App",
                            "tags.TechnicalResource": "Jeff.Dickman@cloudtp.com",
                            "vpc_id": "vpc-2f1a9848"
                        },
                        "meta": {},
                        "tainted": false
                    },
                    "deposed": [],
                    "provider": ""
                },
                "consul_keys.trendmicro_dsm_db": {
                    "type": "consul_keys",
                    "depends_on": [
                        "aws_db_instance.tm_server_rds"
                    ],
                    "primary": {
                        "id": "consul",
                        "attributes": {
                            "datacenter": "eu-west-1",
                            "id": "consul",
                            "key.#": "1",
                            "key.3810547400.default": "",
                            "key.3810547400.delete": "true",
                            "key.3810547400.name": "",
                            "key.3810547400.path": "aws/pcs/trendmicro/dsm_db_hostname",
                            "key.3810547400.value": "terraform-00027634192aa19d0b17ac3894.c7ujrxzwi4ll.eu-west-1.rds.amazonaws.com",
                            "var.%": "0"
                        },
                        "meta": {
                            "schema_version": "1"
                        },
                        "tainted": false
                    },
                    "deposed": [],
                    "provider": ""
                },
                "consul_keys.trendmicro_tm_server": {
                    "type": "consul_keys",
                    "depends_on": [
                        "aws_instance.tm_server"
                    ],
                    "primary": {
                        "id": "consul",
                        "attributes": {
                            "datacenter": "eu-west-1",
                            "id": "consul",
                            "key.#": "2",
                            "key.2932898326.default": "",
                            "key.2932898326.delete": "true",
                            "key.2932898326.name": "",
                            "key.2932898326.path": "aws/pcs/trendmicro/dsm_username",
                            "key.2932898326.value": "admin",
                            "key.927268627.default": "",
                            "key.927268627.delete": "true",
                            "key.927268627.name": "",
                            "key.927268627.path": "aws/pcs/trendmicro/dsm_address",
                            "key.927268627.value": "10.160.10.199",
                            "var.%": "0"
                        },
                        "meta": {
                            "schema_version": "1"
                        },
                        "tainted": false
                    },
                    "deposed": [],
                    "provider": ""
                },
                "data.template_file.cfn-auto-reloader": {
                    "type": "template_file",
                    "depends_on": [],
                    "primary": {
                        "id": "c8597f7a0bf8a7090fb1cfe3d010d3a8a1039cf09bddd884e5173d47e5b100bd",
                        "attributes": {
                            "id": "c8597f7a0bf8a7090fb1cfe3d010d3a8a1039cf09bddd884e5173d47e5b100bd",
                            "rendered": "[cfn-auto-reloader-hook]\ntriggers=post.update\npath=Resources.DSM.Metadata.AWS::CloudFormation::Init\naction=/opt/aws/bin/cfn-init -v -c updateDSM --stack trendmicro-db-1-sbx-pub --resource DSM1 --region eu-west-1 runas=root",
                            "template": "[cfn-auto-reloader-hook]\ntriggers=post.update\npath=Resources.DSM.Metadata.AWS::CloudFormation::Init\naction=/opt/aws/bin/cfn-init -v -c updateDSM --stack ${stack} --resource DSM1 --region ${region} runas=root",
                            "vars.%": "2",
                            "vars.region": "eu-west-1",
                            "vars.stack": "trendmicro-db-1-sbx-pub"
                        },
                        "meta": {},
                        "tainted": false
                    },
                    "deposed": [],
                    "provider": ""
                },
                "data.template_file.cfn-hup": {
                    "type": "template_file",
                    "depends_on": [],
                    "primary": {
                        "id": "4c478ab6285ebb8d950136673282585d356c799de8e56ce58764704e6898d375",
                        "attributes": {
                            "id": "4c478ab6285ebb8d950136673282585d356c799de8e56ce58764704e6898d375",
                            "rendered": "[main]\nstack=arn:aws:cloudformation:us-east-1:001085047529:stack/AWS-Deep-Security-TrendMicro-MasterMP-1XHUQSCDU6UIK-DSMNode2-1TM695HHE86FP/f78ad140-6cc0-11e7-862d-50a686e4bb82\nregion=us-east-1",
                            "template": "[main]\nstack=arn:aws:cloudformation:us-east-1:001085047529:stack/AWS-Deep-Security-TrendMicro-MasterMP-1XHUQSCDU6UIK-DSMNode2-1TM695HHE86FP/f78ad140-6cc0-11e7-862d-50a686e4bb82\nregion=us-east-1",
                            "vars.%": "2",
                            "vars.region": "eu-west-1",
                            "vars.stack": "trendmicro-db-1-sbx-pub"
                        },
                        "meta": {},
                        "tainted": false
                    },
                    "deposed": [],
                    "provider": ""
                },
                "data.template_file.dsm-config": {
                    "type": "template_file",
                    "depends_on": [
                        "aws_db_instance.tm_server_rds"
                    ],
                    "primary": {
                        "id": "ca230457f87ec53878299e7c507c2a05b2d052643cb8b3e07a31e345553b4425",
                        "attributes": {
                            "id": "ca230457f87ec53878299e7c507c2a05b2d052643cb8b3e07a31e345553b4425",
                            "rendered": "CredentialsScreen.Administrator.Username=admin\nCredentialsScreen.Administrator.Password=Welcome123!\nCredentialsScreen.UseStrongPasswords=False\nDinstall4j.language=en\nDatabaseScreen.DatabaseType=PostgreSQL\nDatabaseScreen.Hostname=terraform-00027634192aa19d0b17ac3894.c7ujrxzwi4ll.eu-west-1.rds.amazonaws.com\nDatabaseScreen.DatabaseName=trendmicro_dsm\nDatabaseScreen.Transport=TCP\nDatabaseScreen.Username=DSMMaster\nDatabaseScreen.Password=Welcome123!\nAddressAndPortsScreen.ManagerPort=443\nAddressAndPortsScreen.HeartbeatPort=4120\nAddressAndPortsScreen.NewNode=true\nUpgradeVerificationScreen.Overwrite=False\nSecurityUpdateScreen.UpdateComponents=true\nSecurityUpdateScreen.UpdateSoftware=true\nSmartProtectionNetworkScreen.EnableFeedback=false\nSmartProtectionNetworkScreen.IndustryType=blank\nRelayScreen.Install=True\nRelayScreen.ProxyType=None\nRelayScreen.ProxyPort=None\nRelayScreen.Proxy=False\nRelayScreen.AntiMalware=True\nRelayScreen.ProxyAuthentication=False\nOverride.Automation=True\nAddressAndPortsScreen.ManagerAddress=",
                            "template": "CredentialsScreen.Administrator.Username=${dsm_username}\nCredentialsScreen.Administrator.Password=${dsm_password}\nCredentialsScreen.UseStrongPasswords=False\nDinstall4j.language=en\nDatabaseScreen.DatabaseType=${dsm_db_type}\nDatabaseScreen.Hostname=${dsm_db_hostname}\nDatabaseScreen.DatabaseName=${dsm_db_instance_name}\nDatabaseScreen.Transport=TCP\nDatabaseScreen.Username=${dsm_db_username}\nDatabaseScreen.Password=${dsm_db_password}\nAddressAndPortsScreen.ManagerPort=${dsm_managerport}\nAddressAndPortsScreen.HeartbeatPort=${dsm_heartbeatport}\nAddressAndPortsScreen.NewNode=true\nUpgradeVerificationScreen.Overwrite=False\nSecurityUpdateScreen.UpdateComponents=true\nSecurityUpdateScreen.UpdateSoftware=true\nSmartProtectionNetworkScreen.EnableFeedback=false\nSmartProtectionNetworkScreen.IndustryType=blank\nRelayScreen.Install=True\nRelayScreen.ProxyType=None\nRelayScreen.ProxyPort=None\nRelayScreen.Proxy=False\nRelayScreen.AntiMalware=True\nRelayScreen.ProxyAuthentication=False\nOverride.Automation=True\nAddressAndPortsScreen.ManagerAddress=",
                            "vars.%": "9",
                            "vars.dsm_db_hostname": "terraform-00027634192aa19d0b17ac3894.c7ujrxzwi4ll.eu-west-1.rds.amazonaws.com",
                            "vars.dsm_db_instance_name": "trendmicro_dsm",
                            "vars.dsm_db_password": "Welcome123!",
                            "vars.dsm_db_type": "PostgreSQL",
                            "vars.dsm_db_username": "DSMMaster",
                            "vars.dsm_heartbeatport": "4120",
                            "vars.dsm_managerport": "443",
                            "vars.dsm_password": "Welcome123!",
                            "vars.dsm_username": "admin"
                        },
                        "meta": {},
                        "tainted": false
                    },
                    "deposed": [],
                    "provider": ""
                }
            },
            "depends_on": []
        }
    ]
}
