{
    "version": 3,
    "terraform_version": "0.9.11",
    "serial": 1,
    "lineage": "feaa5e7f-84e9-4381-a656-863185986bf6",
    "modules": [
        {
            "path": [
                "root"
            ],
            "outputs": {
                "topic_arn": {
                    "sensitive": false,
                    "type": "string",
                    "value": "arn:aws:sns:eu-west-1:202543853526:cw-alert-topic"
                }
            },
            "resources": {},
            "depends_on": []
        },
        {
            "path": [
                "root",
                "alert-topic"
            ],
            "outputs": {
                "topic_arn": {
                    "sensitive": false,
                    "type": "string",
                    "value": "arn:aws:sns:eu-west-1:202543853526:cw-alert-topic"
                }
            },
            "resources": {
                "aws_sns_topic.alert_topic": {
                    "type": "aws_sns_topic",
                    "depends_on": [],
                    "primary": {
                        "id": "arn:aws:sns:eu-west-1:202543853526:cw-alert-topic",
                        "attributes": {
                            "arn": "arn:aws:sns:eu-west-1:202543853526:cw-alert-topic",
                            "display_name": "",
                            "id": "arn:aws:sns:eu-west-1:202543853526:cw-alert-topic",
                            "name": "cw-alert-topic",
                            "policy": "{\"Id\":\"__default_policy_ID\",\"Statement\":[{\"Action\":[\"SNS:GetTopicAttributes\",\"SNS:SetTopicAttributes\",\"SNS:AddPermission\",\"SNS:RemovePermission\",\"SNS:DeleteTopic\",\"SNS:Subscribe\",\"SNS:ListSubscriptionsByTopic\",\"SNS:Publish\",\"SNS:Receive\"],\"Condition\":{\"StringEquals\":{\"AWS:SourceOwner\":\"202543853526\"}},\"Effect\":\"Allow\",\"Principal\":{\"AWS\":\"*\"},\"Resource\":\"arn:aws:sns:eu-west-1:202543853526:cw-alert-topic\",\"Sid\":\"__default_statement_ID\"}],\"Version\":\"2008-10-17\"}"
                        },
                        "meta": {},
                        "tainted": false
                    },
                    "deposed": [],
                    "provider": ""
                }
            },
            "depends_on": []
        },
        {
            "path": [
                "root",
                "awsconfigchanges"
            ],
            "outputs": {},
            "resources": {},
            "depends_on": []
        },
        {
            "path": [
                "root",
                "bucketpolicychanges"
            ],
            "outputs": {},
            "resources": {},
            "depends_on": []
        },
        {
            "path": [
                "root",
                "cloudtrailconfigchanges"
            ],
            "outputs": {},
            "resources": {},
            "depends_on": []
        },
        {
            "path": [
                "root",
                "consolenomfa"
            ],
            "outputs": {},
            "resources": {},
            "depends_on": []
        },
        {
            "path": [
                "root",
                "iampolicychanges"
            ],
            "outputs": {},
            "resources": {},
            "depends_on": []
        },
        {
            "path": [
                "root",
                "mgtconsolefailures"
            ],
            "outputs": {},
            "resources": {},
            "depends_on": []
        },
        {
            "path": [
                "root",
                "naclchanges"
            ],
            "outputs": {},
            "resources": {},
            "depends_on": []
        },
        {
            "path": [
                "root",
                "networkgatewaychanges"
            ],
            "outputs": {},
            "resources": {},
            "depends_on": []
        },
        {
            "path": [
                "root",
                "rootaccountusage"
            ],
            "outputs": {},
            "resources": {},
            "depends_on": []
        },
        {
            "path": [
                "root",
                "routetablechanges"
            ],
            "outputs": {},
            "resources": {},
            "depends_on": []
        },
        {
            "path": [
                "root",
                "scheduledcmkdeletion"
            ],
            "outputs": {},
            "resources": {},
            "depends_on": []
        },
        {
            "path": [
                "root",
                "securitygroupchanges"
            ],
            "outputs": {},
            "resources": {},
            "depends_on": []
        },
        {
            "path": [
                "root",
                "unuatorhized-api-calls"
            ],
            "outputs": {},
            "resources": {},
            "depends_on": []
        },
        {
            "path": [
                "root",
                "vpcchanges"
            ],
            "outputs": {},
            "resources": {},
            "depends_on": []
        }
    ]
}
