{
    "version": 3,
    "terraform_version": "0.9.11",
    "serial": 32,
    "lineage": "2787bd83-939b-4343-9d78-8744df964591",
    "modules": [
        {
            "path": [
                "root"
            ],
            "outputs": {
                "VPC_Endpoint": {
                    "sensitive": false,
                    "type": "string",
                    "value": "vpce-04f5086d"
                },
                "azs": {
                    "sensitive": false,
                    "type": "list",
                    "value": [
                        "eu-west-1a",
                        "eu-west-1b",
                        "eu-west-1c"
                    ]
                },
                "common_sg": {
                    "sensitive": false,
                    "type": "string",
                    "value": "sg-2f9ade57"
                },
                "data_subnet_ids": {
                    "sensitive": false,
                    "type": "list",
                    "value": [
                        "subnet-2684587d",
                        "subnet-29eb7b4e",
                        "subnet-4f861e06"
                    ]
                },
                "dmz_subnets_ids": {
                    "sensitive": false,
                    "type": "list",
                    "value": [
                        "subnet-08885453",
                        "subnet-6dec7c0a",
                        "subnet-58b92111"
                    ]
                },
                "openvpn_address": {
                    "sensitive": false,
                    "type": "string",
                    "value": "34.250.132.73"
                },
                "openvpn_sg": {
                    "sensitive": false,
                    "type": "string",
                    "value": "sg-b9377ac1"
                },
                "rdp_sg": {
                    "sensitive": false,
                    "type": "string",
                    "value": "sg-c6c581be"
                },
                "s3_endpoint_prefix_id": {
                    "sensitive": false,
                    "type": "string",
                    "value": "pl-6da54004"
                },
                "sec_service_sg": {
                    "sensitive": false,
                    "type": "string",
                    "value": "sg-a098dcd8"
                },
                "security_subnet_ids": {
                    "sensitive": false,
                    "type": "list",
                    "value": [
                        "subnet-a18a56fa",
                        "subnet-38ec7c5f",
                        "subnet-7eba2237"
                    ]
                },
                "service_subnet_ids": {
                    "sensitive": false,
                    "type": "list",
                    "value": [
                        "subnet-e98854b2",
                        "subnet-ebea7a8c",
                        "subnet-9f861ed6"
                    ]
                },
                "ssh_sg": {
                    "sensitive": false,
                    "type": "string",
                    "value": "sg-ecfa8794"
                },
                "static_routes": {
                    "sensitive": false,
                    "type": "string",
                    "value": "193.32.48.15/32"
                },
                "vpc_cidr": {
                    "sensitive": false,
                    "type": "string",
                    "value": "10.160.0.0/18"
                },
                "vpc_id": {
                    "sensitive": false,
                    "type": "string",
                    "value": "vpc-cdc058aa"
                },
                "vpc_name": {
                    "sensitive": false,
                    "type": "string",
                    "value": "CTP-PCS-DEV-VPC"
                },
                "vpn_gateway_id": {
                    "sensitive": false,
                    "type": "list",
                    "value": [
                        "",
                        ""
                    ]
                },
                "workstation_subnet_ids": {
                    "sensitive": false,
                    "type": "list",
                    "value": [
                        "subnet-c7934b9c",
                        "subnet-0fe77b68",
                        "subnet-fa583cb3"
                    ]
                }
            },
            "resources": {
                "aws_security_group.common_services_group": {
                    "type": "aws_security_group",
                    "depends_on": [
                        "module.vpc"
                    ],
                    "primary": {
                        "id": "sg-2f9ade57",
                        "attributes": {
                            "description": "Internal traffic, administration, and UI",
                            "egress.#": "4",
                            "egress.1526430571.cidr_blocks.#": "1",
                            "egress.1526430571.cidr_blocks.0": "169.254.169.254/32",
                            "egress.1526430571.from_port": "80",
                            "egress.1526430571.ipv6_cidr_blocks.#": "0",
                            "egress.1526430571.prefix_list_ids.#": "0",
                            "egress.1526430571.protocol": "tcp",
                            "egress.1526430571.security_groups.#": "0",
                            "egress.1526430571.self": "false",
                            "egress.1526430571.to_port": "80",
                            "egress.2163755830.cidr_blocks.#": "0",
                            "egress.2163755830.from_port": "8080",
                            "egress.2163755830.ipv6_cidr_blocks.#": "0",
                            "egress.2163755830.prefix_list_ids.#": "0",
                            "egress.2163755830.protocol": "tcp",
                            "egress.2163755830.security_groups.#": "1",
                            "egress.2163755830.security_groups.2762157818": "sg-c2ef92ba",
                            "egress.2163755830.self": "false",
                            "egress.2163755830.to_port": "8080",
                            "egress.3781554658.cidr_blocks.#": "1",
                            "egress.3781554658.cidr_blocks.0": "10.160.0.0/18",
                            "egress.3781554658.from_port": "123",
                            "egress.3781554658.ipv6_cidr_blocks.#": "0",
                            "egress.3781554658.prefix_list_ids.#": "0",
                            "egress.3781554658.protocol": "udp",
                            "egress.3781554658.security_groups.#": "0",
                            "egress.3781554658.self": "false",
                            "egress.3781554658.to_port": "123",
                            "egress.681719164.cidr_blocks.#": "1",
                            "egress.681719164.cidr_blocks.0": "10.160.0.0/18",
                            "egress.681719164.from_port": "53",
                            "egress.681719164.ipv6_cidr_blocks.#": "0",
                            "egress.681719164.prefix_list_ids.#": "0",
                            "egress.681719164.protocol": "udp",
                            "egress.681719164.security_groups.#": "0",
                            "egress.681719164.self": "false",
                            "egress.681719164.to_port": "53",
                            "id": "sg-2f9ade57",
                            "ingress.#": "0",
                            "name": "CTP-PCS-DEV-CommonServices-SG",
                            "owner_id": "202543853526",
                            "tags.%": "6",
                            "tags.ApplicationName": "CTP Platform Common Services",
                            "tags.BusinessOwner": "devops@ctp",
                            "tags.Environment": "DEV",
                            "tags.Name": "CTP-PCS-DEV-CommonServices-SG",
                            "tags.Organization": "CTP-PCS",
                            "tags.TechnicalResource": "DEVOPS",
                            "vpc_id": "vpc-cdc058aa"
                        },
                        "meta": {},
                        "tainted": false
                    },
                    "deposed": [],
                    "provider": ""
                },
                "aws_security_group.rdp_sg": {
                    "type": "aws_security_group",
                    "depends_on": [
                        "module.vpc"
                    ],
                    "primary": {
                        "id": "sg-c6c581be",
                        "attributes": {
                            "description": "External RDP access",
                            "egress.#": "0",
                            "id": "sg-c6c581be",
                            "ingress.#": "2",
                            "ingress.3026074500.cidr_blocks.#": "0",
                            "ingress.3026074500.from_port": "3389",
                            "ingress.3026074500.ipv6_cidr_blocks.#": "0",
                            "ingress.3026074500.protocol": "tcp",
                            "ingress.3026074500.security_groups.#": "1",
                            "ingress.3026074500.security_groups.1241509984": "sg-b9377ac1",
                            "ingress.3026074500.self": "false",
                            "ingress.3026074500.to_port": "3389",
                            "ingress.4110654776.cidr_blocks.#": "1",
                            "ingress.4110654776.cidr_blocks.0": "10.160.0.0/18",
                            "ingress.4110654776.from_port": "3389",
                            "ingress.4110654776.ipv6_cidr_blocks.#": "0",
                            "ingress.4110654776.protocol": "tcp",
                            "ingress.4110654776.security_groups.#": "0",
                            "ingress.4110654776.self": "false",
                            "ingress.4110654776.to_port": "3389",
                            "name": "CTP-PCS-DEV-RdpAccess-SG",
                            "owner_id": "202543853526",
                            "tags.%": "6",
                            "tags.ApplicationName": "CTP Platform Common Services",
                            "tags.BusinessOwner": "devops@ctp",
                            "tags.Environment": "DEV",
                            "tags.Name": "CTP-PCS-DEV-RdpAccess-SG",
                            "tags.Organization": "CTP-PCS",
                            "tags.TechnicalResource": "DEVOPS",
                            "vpc_id": "vpc-cdc058aa"
                        },
                        "meta": {},
                        "tainted": false
                    },
                    "deposed": [],
                    "provider": ""
                },
                "aws_security_group.security_services_group": {
                    "type": "aws_security_group",
                    "depends_on": [
                        "module.vpc"
                    ],
                    "primary": {
                        "id": "sg-a098dcd8",
                        "attributes": {
                            "description": "Internal traffic, administration, and UI",
                            "egress.#": "0",
                            "id": "sg-a098dcd8",
                            "ingress.#": "0",
                            "name": "CTP-PCS-DEV-SecurityServices-SG",
                            "owner_id": "202543853526",
                            "tags.%": "6",
                            "tags.ApplicationName": "CTP Platform Common Services",
                            "tags.BusinessOwner": "devops@ctp",
                            "tags.Environment": "DEV",
                            "tags.Name": "CTP-PCS-DEV-SecurityServices-SG",
                            "tags.Organization": "CTP-PCS",
                            "tags.TechnicalResource": "DEVOPS",
                            "vpc_id": "vpc-cdc058aa"
                        },
                        "meta": {},
                        "tainted": false
                    },
                    "deposed": [],
                    "provider": ""
                },
                "aws_security_group.ssh_sg": {
                    "type": "aws_security_group",
                    "depends_on": [
                        "module.vpc"
                    ],
                    "primary": {
                        "id": "sg-ecfa8794",
                        "attributes": {
                            "description": "External SSH access",
                            "egress.#": "0",
                            "id": "sg-ecfa8794",
                            "ingress.#": "2",
                            "ingress.1020483832.cidr_blocks.#": "1",
                            "ingress.1020483832.cidr_blocks.0": "10.160.0.0/18",
                            "ingress.1020483832.from_port": "22",
                            "ingress.1020483832.ipv6_cidr_blocks.#": "0",
                            "ingress.1020483832.protocol": "tcp",
                            "ingress.1020483832.security_groups.#": "0",
                            "ingress.1020483832.self": "false",
                            "ingress.1020483832.to_port": "22",
                            "ingress.2266335146.cidr_blocks.#": "0",
                            "ingress.2266335146.from_port": "22",
                            "ingress.2266335146.ipv6_cidr_blocks.#": "0",
                            "ingress.2266335146.protocol": "tcp",
                            "ingress.2266335146.security_groups.#": "1",
                            "ingress.2266335146.security_groups.1241509984": "sg-b9377ac1",
                            "ingress.2266335146.self": "false",
                            "ingress.2266335146.to_port": "22",
                            "name": "CTP-PCS-DEV-SshAccess-SG",
                            "owner_id": "202543853526",
                            "tags.%": "6",
                            "tags.ApplicationName": "CTP Platform Common Services",
                            "tags.BusinessOwner": "devops@ctp",
                            "tags.Environment": "DEV",
                            "tags.Name": "CTP-PCS-DEV-SshAccess-SG",
                            "tags.Organization": "CTP-PCS",
                            "tags.TechnicalResource": "DEVOPS",
                            "vpc_id": "vpc-cdc058aa"
                        },
                        "meta": {},
                        "tainted": false
                    },
                    "deposed": [],
                    "provider": ""
                },
                "aws_security_group_rule.allow_rdp_in_from_openvpn_sg": {
                    "type": "aws_security_group_rule",
                    "depends_on": [
                        "aws_security_group.rdp_sg",
                        "module.openvpn"
                    ],
                    "primary": {
                        "id": "sgrule-3096726735",
                        "attributes": {
                            "cidr_blocks.#": "0",
                            "from_port": "3389",
                            "id": "sgrule-3096726735",
                            "ipv6_cidr_blocks.#": "0",
                            "prefix_list_ids.#": "0",
                            "protocol": "tcp",
                            "security_group_id": "sg-c6c581be",
                            "self": "false",
                            "source_security_group_id": "sg-b9377ac1",
                            "to_port": "3389",
                            "type": "ingress"
                        },
                        "meta": {
                            "schema_version": "2"
                        },
                        "tainted": false
                    },
                    "deposed": [],
                    "provider": ""
                },
                "aws_security_group_rule.allow_rdp_out_from_openvpn_sg": {
                    "type": "aws_security_group_rule",
                    "depends_on": [
                        "aws_security_group.rdp_sg",
                        "module.openvpn"
                    ],
                    "primary": {
                        "id": "sgrule-2130627263",
                        "attributes": {
                            "from_port": "3389",
                            "id": "sgrule-2130627263",
                            "protocol": "tcp",
                            "security_group_id": "sg-b9377ac1",
                            "self": "false",
                            "source_security_group_id": "sg-c6c581be",
                            "to_port": "3389",
                            "type": "egress"
                        },
                        "meta": {
                            "schema_version": "2"
                        },
                        "tainted": false
                    },
                    "deposed": [],
                    "provider": ""
                },
                "aws_security_group_rule.allow_ssh_in_from_openvpn_sg": {
                    "type": "aws_security_group_rule",
                    "depends_on": [
                        "aws_security_group.ssh_sg",
                        "module.openvpn"
                    ],
                    "primary": {
                        "id": "sgrule-3942356218",
                        "attributes": {
                            "cidr_blocks.#": "0",
                            "from_port": "22",
                            "id": "sgrule-3942356218",
                            "ipv6_cidr_blocks.#": "0",
                            "prefix_list_ids.#": "0",
                            "protocol": "tcp",
                            "security_group_id": "sg-ecfa8794",
                            "self": "false",
                            "source_security_group_id": "sg-b9377ac1",
                            "to_port": "22",
                            "type": "ingress"
                        },
                        "meta": {
                            "schema_version": "2"
                        },
                        "tainted": false
                    },
                    "deposed": [],
                    "provider": ""
                },
                "aws_security_group_rule.allow_ssh_out_to_ssh_sg": {
                    "type": "aws_security_group_rule",
                    "depends_on": [
                        "aws_security_group.ssh_sg",
                        "module.openvpn"
                    ],
                    "primary": {
                        "id": "sgrule-900891042",
                        "attributes": {
                            "cidr_blocks.#": "0",
                            "from_port": "22",
                            "id": "sgrule-900891042",
                            "ipv6_cidr_blocks.#": "0",
                            "prefix_list_ids.#": "0",
                            "protocol": "tcp",
                            "security_group_id": "sg-b9377ac1",
                            "self": "false",
                            "source_security_group_id": "sg-ecfa8794",
                            "to_port": "22",
                            "type": "egress"
                        },
                        "meta": {
                            "schema_version": "2"
                        },
                        "tainted": false
                    },
                    "deposed": [],
                    "provider": ""
                },
                "aws_security_group_rule.egress_DNS": {
                    "type": "aws_security_group_rule",
                    "depends_on": [
                        "aws_security_group.common_services_group"
                    ],
                    "primary": {
                        "id": "sgrule-1784031335",
                        "attributes": {
                            "cidr_blocks.#": "1",
                            "cidr_blocks.0": "10.160.0.0/18",
                            "from_port": "53",
                            "id": "sgrule-1784031335",
                            "ipv6_cidr_blocks.#": "0",
                            "prefix_list_ids.#": "0",
                            "protocol": "udp",
                            "security_group_id": "sg-2f9ade57",
                            "self": "false",
                            "to_port": "53",
                            "type": "egress"
                        },
                        "meta": {
                            "schema_version": "2"
                        },
                        "tainted": false
                    },
                    "deposed": [],
                    "provider": ""
                },
                "aws_security_group_rule.egress_NTP": {
                    "type": "aws_security_group_rule",
                    "depends_on": [
                        "aws_security_group.common_services_group"
                    ],
                    "primary": {
                        "id": "sgrule-3100092692",
                        "attributes": {
                            "cidr_blocks.#": "1",
                            "cidr_blocks.0": "10.160.0.0/18",
                            "from_port": "123",
                            "id": "sgrule-3100092692",
                            "ipv6_cidr_blocks.#": "0",
                            "prefix_list_ids.#": "0",
                            "protocol": "udp",
                            "security_group_id": "sg-2f9ade57",
                            "self": "false",
                            "to_port": "123",
                            "type": "egress"
                        },
                        "meta": {
                            "schema_version": "2"
                        },
                        "tainted": false
                    },
                    "deposed": [],
                    "provider": ""
                },
                "aws_vpc_endpoint.S3-Endpoint": {
                    "type": "aws_vpc_endpoint",
                    "depends_on": [
                        "module.vpc"
                    ],
                    "primary": {
                        "id": "vpce-04f5086d",
                        "attributes": {
                            "cidr_blocks.#": "2",
                            "cidr_blocks.0": "52.218.0.0/17",
                            "cidr_blocks.1": "54.231.128.0/19",
                            "id": "vpce-04f5086d",
                            "policy": "{\"Statement\":[{\"Action\":\"*\",\"Effect\":\"Allow\",\"Principal\":\"*\",\"Resource\":\"*\"}],\"Version\":\"2008-10-17\"}",
                            "prefix_list_id": "pl-6da54004",
                            "route_table_ids.#": "0",
                            "service_name": "com.amazonaws.eu-west-1.s3",
                            "vpc_id": "vpc-cdc058aa"
                        },
                        "meta": {},
                        "tainted": false
                    },
                    "deposed": [],
                    "provider": ""
                }
            },
            "depends_on": []
        },
        {
            "path": [
                "root",
                "data_subnets"
            ],
            "outputs": {
                "base_subnet_pcs_route_ids": {
                    "sensitive": false,
                    "type": "list",
                    "value": []
                },
                "nacl_id": {
                    "sensitive": false,
                    "type": "string",
                    "value": "acl-e5fbcd82"
                },
                "subnet_ids": {
                    "sensitive": false,
                    "type": "list",
                    "value": [
                        "subnet-2684587d",
                        "subnet-29eb7b4e",
                        "subnet-4f861e06"
                    ]
                }
            },
            "resources": {
                "aws_network_acl.base_nacl": {
                    "type": "aws_network_acl",
                    "depends_on": [
                        "aws_subnet.base_subnet.*"
                    ],
                    "primary": {
                        "id": "acl-e5fbcd82",
                        "attributes": {
                            "egress.#": "1",
                            "egress.1401401844.action": "allow",
                            "egress.1401401844.cidr_block": "0.0.0.0/0",
                            "egress.1401401844.from_port": "0",
                            "egress.1401401844.icmp_code": "0",
                            "egress.1401401844.icmp_type": "0",
                            "egress.1401401844.ipv6_cidr_block": "",
                            "egress.1401401844.protocol": "-1",
                            "egress.1401401844.rule_no": "100",
                            "egress.1401401844.to_port": "0",
                            "id": "acl-e5fbcd82",
                            "ingress.#": "1",
                            "ingress.1401401844.action": "allow",
                            "ingress.1401401844.cidr_block": "0.0.0.0/0",
                            "ingress.1401401844.from_port": "0",
                            "ingress.1401401844.icmp_code": "0",
                            "ingress.1401401844.icmp_type": "0",
                            "ingress.1401401844.ipv6_cidr_block": "",
                            "ingress.1401401844.protocol": "-1",
                            "ingress.1401401844.rule_no": "100",
                            "ingress.1401401844.to_port": "0",
                            "subnet_ids.#": "3",
                            "subnet_ids.1307079494": "subnet-29eb7b4e",
                            "subnet_ids.2511543726": "subnet-4f861e06",
                            "subnet_ids.736830037": "subnet-2684587d",
                            "tags.%": "6",
                            "tags.ApplicationName": "CTP Platform Common Services",
                            "tags.BusinessOwner": "devops@ctp",
                            "tags.Environment": "DEV",
                            "tags.Name": "CTP-PCS-DEV-PVT-NACL",
                            "tags.Organization": "CTP-PCS",
                            "tags.TechnicalResource": "DEVOPS",
                            "vpc_id": "vpc-cdc058aa"
                        },
                        "meta": {},
                        "tainted": false
                    },
                    "deposed": [],
                    "provider": ""
                },
                "aws_network_acl_rule.dmz_egress_100": {
                    "type": "aws_network_acl_rule",
                    "depends_on": [
                        "aws_network_acl.base_nacl"
                    ],
                    "primary": {
                        "id": "nacl-888355600",
                        "attributes": {
                            "cidr_block": "0.0.0.0/0",
                            "egress": "true",
                            "id": "nacl-888355600",
                            "ipv6_cidr_block": "",
                            "network_acl_id": "acl-e5fbcd82",
                            "protocol": "all",
                            "rule_action": "allow",
                            "rule_number": "100"
                        },
                        "meta": {},
                        "tainted": false
                    },
                    "deposed": [],
                    "provider": ""
                },
                "aws_network_acl_rule.dmz_ingress_100": {
                    "type": "aws_network_acl_rule",
                    "depends_on": [
                        "aws_network_acl.base_nacl"
                    ],
                    "primary": {
                        "id": "nacl-1051879394",
                        "attributes": {
                            "cidr_block": "0.0.0.0/0",
                            "egress": "false",
                            "id": "nacl-1051879394",
                            "ipv6_cidr_block": "",
                            "network_acl_id": "acl-e5fbcd82",
                            "protocol": "all",
                            "rule_action": "allow",
                            "rule_number": "100"
                        },
                        "meta": {},
                        "tainted": false
                    },
                    "deposed": [],
                    "provider": ""
                },
                "aws_route.base_subnet_outbound_route.0": {
                    "type": "aws_route",
                    "depends_on": [
                        "aws_route_table.base_route_table.*"
                    ],
                    "primary": {
                        "id": "r-rtb-c28146a41080289494",
                        "attributes": {
                            "destination_cidr_block": "0.0.0.0/0",
                            "destination_prefix_list_id": "",
                            "egress_only_gateway_id": "",
                            "gateway_id": "",
                            "id": "r-rtb-c28146a41080289494",
                            "instance_id": "",
                            "instance_owner_id": "",
                            "nat_gateway_id": "nat-003287c7879ac07af",
                            "network_interface_id": "",
                            "origin": "CreateRoute",
                            "route_table_id": "rtb-c28146a4",
                            "state": "active",
                            "vpc_peering_connection_id": ""
                        },
                        "meta": {},
                        "tainted": false
                    },
                    "deposed": [],
                    "provider": ""
                },
                "aws_route.base_subnet_outbound_route.1": {
                    "type": "aws_route",
                    "depends_on": [
                        "aws_route_table.base_route_table.*"
                    ],
                    "primary": {
                        "id": "r-rtb-718d4a171080289494",
                        "attributes": {
                            "destination_cidr_block": "0.0.0.0/0",
                            "destination_prefix_list_id": "",
                            "egress_only_gateway_id": "",
                            "gateway_id": "",
                            "id": "r-rtb-718d4a171080289494",
                            "instance_id": "",
                            "instance_owner_id": "",
                            "nat_gateway_id": "nat-039d8a29d83e89184",
                            "network_interface_id": "",
                            "origin": "CreateRoute",
                            "route_table_id": "rtb-718d4a17",
                            "state": "active",
                            "vpc_peering_connection_id": ""
                        },
                        "meta": {},
                        "tainted": false
                    },
                    "deposed": [],
                    "provider": ""
                },
                "aws_route.base_subnet_outbound_route.2": {
                    "type": "aws_route",
                    "depends_on": [
                        "aws_route_table.base_route_table.*"
                    ],
                    "primary": {
                        "id": "r-rtb-338b4c551080289494",
                        "attributes": {
                            "destination_cidr_block": "0.0.0.0/0",
                            "destination_prefix_list_id": "",
                            "egress_only_gateway_id": "",
                            "gateway_id": "",
                            "id": "r-rtb-338b4c551080289494",
                            "instance_id": "",
                            "instance_owner_id": "",
                            "nat_gateway_id": "nat-05bbf431701a0ba20",
                            "network_interface_id": "",
                            "origin": "CreateRoute",
                            "route_table_id": "rtb-338b4c55",
                            "state": "active",
                            "vpc_peering_connection_id": ""
                        },
                        "meta": {},
                        "tainted": false
                    },
                    "deposed": [],
                    "provider": ""
                },
                "aws_route_table.base_route_table.0": {
                    "type": "aws_route_table",
                    "depends_on": [],
                    "primary": {
                        "id": "rtb-c28146a4",
                        "attributes": {
                            "id": "rtb-c28146a4",
                            "propagating_vgws.#": "0",
                            "route.#": "1",
                            "route.183948145.cidr_block": "0.0.0.0/0",
                            "route.183948145.egress_only_gateway_id": "",
                            "route.183948145.gateway_id": "",
                            "route.183948145.instance_id": "",
                            "route.183948145.ipv6_cidr_block": "",
                            "route.183948145.nat_gateway_id": "nat-003287c7879ac07af",
                            "route.183948145.network_interface_id": "",
                            "route.183948145.vpc_peering_connection_id": "",
                            "tags.%": "6",
                            "tags.ApplicationName": "CTP Platform Common Services",
                            "tags.BusinessOwner": "devops@ctp",
                            "tags.Environment": "DEV",
                            "tags.Name": "CTP-PCS-DEV-PVT-RTB",
                            "tags.Organization": "CTP-PCS",
                            "tags.TechnicalResource": "DEVOPS",
                            "vpc_id": "vpc-cdc058aa"
                        },
                        "meta": {},
                        "tainted": false
                    },
                    "deposed": [],
                    "provider": ""
                },
                "aws_route_table.base_route_table.1": {
                    "type": "aws_route_table",
                    "depends_on": [],
                    "primary": {
                        "id": "rtb-718d4a17",
                        "attributes": {
                            "id": "rtb-718d4a17",
                            "propagating_vgws.#": "0",
                            "route.#": "1",
                            "route.1162529806.cidr_block": "0.0.0.0/0",
                            "route.1162529806.egress_only_gateway_id": "",
                            "route.1162529806.gateway_id": "",
                            "route.1162529806.instance_id": "",
                            "route.1162529806.ipv6_cidr_block": "",
                            "route.1162529806.nat_gateway_id": "nat-039d8a29d83e89184",
                            "route.1162529806.network_interface_id": "",
                            "route.1162529806.vpc_peering_connection_id": "",
                            "tags.%": "6",
                            "tags.ApplicationName": "CTP Platform Common Services",
                            "tags.BusinessOwner": "devops@ctp",
                            "tags.Environment": "DEV",
                            "tags.Name": "CTP-PCS-DEV-PVT-RTB",
                            "tags.Organization": "CTP-PCS",
                            "tags.TechnicalResource": "DEVOPS",
                            "vpc_id": "vpc-cdc058aa"
                        },
                        "meta": {},
                        "tainted": false
                    },
                    "deposed": [],
                    "provider": ""
                },
                "aws_route_table.base_route_table.2": {
                    "type": "aws_route_table",
                    "depends_on": [],
                    "primary": {
                        "id": "rtb-338b4c55",
                        "attributes": {
                            "id": "rtb-338b4c55",
                            "propagating_vgws.#": "0",
                            "route.#": "1",
                            "route.398897183.cidr_block": "0.0.0.0/0",
                            "route.398897183.egress_only_gateway_id": "",
                            "route.398897183.gateway_id": "",
                            "route.398897183.instance_id": "",
                            "route.398897183.ipv6_cidr_block": "",
                            "route.398897183.nat_gateway_id": "nat-05bbf431701a0ba20",
                            "route.398897183.network_interface_id": "",
                            "route.398897183.vpc_peering_connection_id": "",
                            "tags.%": "6",
                            "tags.ApplicationName": "CTP Platform Common Services",
                            "tags.BusinessOwner": "devops@ctp",
                            "tags.Environment": "DEV",
                            "tags.Name": "CTP-PCS-DEV-PVT-RTB",
                            "tags.Organization": "CTP-PCS",
                            "tags.TechnicalResource": "DEVOPS",
                            "vpc_id": "vpc-cdc058aa"
                        },
                        "meta": {},
                        "tainted": false
                    },
                    "deposed": [],
                    "provider": ""
                },
                "aws_route_table_association.subnet_rt_assoc.0": {
                    "type": "aws_route_table_association",
                    "depends_on": [
                        "aws_route_table.base_route_table.*",
                        "aws_subnet.base_subnet.*"
                    ],
                    "primary": {
                        "id": "rtbassoc-8621e4ff",
                        "attributes": {
                            "id": "rtbassoc-8621e4ff",
                            "route_table_id": "rtb-c28146a4",
                            "subnet_id": "subnet-2684587d"
                        },
                        "meta": {},
                        "tainted": false
                    },
                    "deposed": [],
                    "provider": ""
                },
                "aws_route_table_association.subnet_rt_assoc.1": {
                    "type": "aws_route_table_association",
                    "depends_on": [
                        "aws_route_table.base_route_table.*",
                        "aws_subnet.base_subnet.*"
                    ],
                    "primary": {
                        "id": "rtbassoc-cc27e2b5",
                        "attributes": {
                            "id": "rtbassoc-cc27e2b5",
                            "route_table_id": "rtb-718d4a17",
                            "subnet_id": "subnet-29eb7b4e"
                        },
                        "meta": {},
                        "tainted": false
                    },
                    "deposed": [],
                    "provider": ""
                },
                "aws_route_table_association.subnet_rt_assoc.2": {
                    "type": "aws_route_table_association",
                    "depends_on": [
                        "aws_route_table.base_route_table.*",
                        "aws_subnet.base_subnet.*"
                    ],
                    "primary": {
                        "id": "rtbassoc-6222e71b",
                        "attributes": {
                            "id": "rtbassoc-6222e71b",
                            "route_table_id": "rtb-338b4c55",
                            "subnet_id": "subnet-4f861e06"
                        },
                        "meta": {},
                        "tainted": false
                    },
                    "deposed": [],
                    "provider": ""
                },
                "aws_subnet.base_subnet.0": {
                    "type": "aws_subnet",
                    "depends_on": [],
                    "primary": {
                        "id": "subnet-2684587d",
                        "attributes": {
                            "assign_ipv6_address_on_creation": "false",
                            "availability_zone": "eu-west-1a",
                            "cidr_block": "10.160.14.0/24",
                            "id": "subnet-2684587d",
                            "map_public_ip_on_launch": "false",
                            "tags.%": "6",
                            "tags.ApplicationName": "CTP Platform Common Services",
                            "tags.BusinessOwner": "devops@ctp",
                            "tags.Environment": "DEV",
                            "tags.Name": "CTP-PCS-DEV-eu-west-1a-PVT-Data-SBT",
                            "tags.Organization": "CTP-PCS",
                            "tags.TechnicalResource": "DEVOPS",
                            "vpc_id": "vpc-cdc058aa"
                        },
                        "meta": {
                            "schema_version": "1"
                        },
                        "tainted": false
                    },
                    "deposed": [],
                    "provider": ""
                },
                "aws_subnet.base_subnet.1": {
                    "type": "aws_subnet",
                    "depends_on": [],
                    "primary": {
                        "id": "subnet-29eb7b4e",
                        "attributes": {
                            "assign_ipv6_address_on_creation": "false",
                            "availability_zone": "eu-west-1b",
                            "cidr_block": "10.160.15.0/24",
                            "id": "subnet-29eb7b4e",
                            "map_public_ip_on_launch": "false",
                            "tags.%": "6",
                            "tags.ApplicationName": "CTP Platform Common Services",
                            "tags.BusinessOwner": "devops@ctp",
                            "tags.Environment": "DEV",
                            "tags.Name": "CTP-PCS-DEV-eu-west-1b-PVT-Data-SBT",
                            "tags.Organization": "CTP-PCS",
                            "tags.TechnicalResource": "DEVOPS",
                            "vpc_id": "vpc-cdc058aa"
                        },
                        "meta": {
                            "schema_version": "1"
                        },
                        "tainted": false
                    },
                    "deposed": [],
                    "provider": ""
                },
                "aws_subnet.base_subnet.2": {
                    "type": "aws_subnet",
                    "depends_on": [],
                    "primary": {
                        "id": "subnet-4f861e06",
                        "attributes": {
                            "assign_ipv6_address_on_creation": "false",
                            "availability_zone": "eu-west-1c",
                            "cidr_block": "10.160.16.0/24",
                            "id": "subnet-4f861e06",
                            "map_public_ip_on_launch": "false",
                            "tags.%": "6",
                            "tags.ApplicationName": "CTP Platform Common Services",
                            "tags.BusinessOwner": "devops@ctp",
                            "tags.Environment": "DEV",
                            "tags.Name": "CTP-PCS-DEV-eu-west-1c-PVT-Data-SBT",
                            "tags.Organization": "CTP-PCS",
                            "tags.TechnicalResource": "DEVOPS",
                            "vpc_id": "vpc-cdc058aa"
                        },
                        "meta": {
                            "schema_version": "1"
                        },
                        "tainted": false
                    },
                    "deposed": [],
                    "provider": ""
                },
                "data.aws_vpc.selected": {
                    "type": "aws_vpc",
                    "depends_on": [],
                    "primary": {
                        "id": "vpc-cdc058aa",
                        "attributes": {
                            "cidr_block": "10.160.0.0/18",
                            "default": "false",
                            "dhcp_options_id": "dopt-34876853",
                            "id": "vpc-cdc058aa",
                            "instance_tenancy": "default",
                            "state": "available",
                            "tags.%": "6",
                            "tags.ApplicationName": "CTP Platform Common Services",
                            "tags.BusinessOwner": "devops@ctp",
                            "tags.Environment": "DEV",
                            "tags.Name": "CTP-PCS-DEV-VPC",
                            "tags.Organization": "CTP-PCS",
                            "tags.TechnicalResource": "DEVOPS"
                        },
                        "meta": {},
                        "tainted": false
                    },
                    "deposed": [],
                    "provider": ""
                }
            },
            "depends_on": []
        },
        {
            "path": [
                "root",
                "devopsclients_subnets"
            ],
            "outputs": {
                "nacl_id": {
                    "sensitive": false,
                    "type": "string",
                    "value": "acl-70facc17"
                },
                "subnet_ids": {
                    "sensitive": false,
                    "type": "list",
                    "value": [
                        "subnet-0f885454",
                        "subnet-29ee7e4e",
                        "subnet-b8ba22f1"
                    ]
                }
            },
            "resources": {},
            "depends_on": []
        },
        {
            "path": [
                "root",
                "dmz_subnets"
            ],
            "outputs": {
                "igw_id": {
                    "sensitive": false,
                    "type": "string",
                    "value": "igw-5f2d1b3b"
                },
                "nacl_id": {
                    "sensitive": false,
                    "type": "string",
                    "value": "acl-75e4d212"
                },
                "nat_gateway_ids": {
                    "sensitive": false,
                    "type": "list",
                    "value": [
                        "nat-003287c7879ac07af",
                        "nat-039d8a29d83e89184",
                        "nat-05bbf431701a0ba20"
                    ]
                },
                "subnet_ids": {
                    "sensitive": false,
                    "type": "list",
                    "value": [
                        "subnet-08885453",
                        "subnet-6dec7c0a",
                        "subnet-58b92111"
                    ]
                }
            },
            "resources": {
                "aws_eip.nat.0": {
                    "type": "aws_eip",
                    "depends_on": [],
                    "primary": {
                        "id": "eipalloc-d3b593e9",
                        "attributes": {
                            "association_id": "eipassoc-5da9f560",
                            "domain": "vpc",
                            "id": "eipalloc-d3b593e9",
                            "instance": "",
                            "network_interface": "eni-895db988",
                            "private_ip": "10.160.0.47",
                            "public_ip": "52.214.153.241",
                            "vpc": "true"
                        },
                        "meta": {},
                        "tainted": false
                    },
                    "deposed": [],
                    "provider": ""
                },
                "aws_eip.nat.1": {
                    "type": "aws_eip",
                    "depends_on": [],
                    "primary": {
                        "id": "eipalloc-24b6901e",
                        "attributes": {
                            "association_id": "eipassoc-2aa5f917",
                            "domain": "vpc",
                            "id": "eipalloc-24b6901e",
                            "instance": "",
                            "network_interface": "eni-62c84a4f",
                            "private_ip": "10.160.0.72",
                            "public_ip": "52.49.75.152",
                            "vpc": "true"
                        },
                        "meta": {},
                        "tainted": false
                    },
                    "deposed": [],
                    "provider": ""
                },
                "aws_eip.nat.2": {
                    "type": "aws_eip",
                    "depends_on": [],
                    "primary": {
                        "id": "eipalloc-a6b7919c",
                        "attributes": {
                            "association_id": "eipassoc-c1a8f4fc",
                            "domain": "vpc",
                            "id": "eipalloc-a6b7919c",
                            "instance": "",
                            "network_interface": "eni-69bc1b56",
                            "private_ip": "10.160.0.169",
                            "public_ip": "52.16.127.203",
                            "vpc": "true"
                        },
                        "meta": {},
                        "tainted": false
                    },
                    "deposed": [],
                    "provider": ""
                },
                "aws_internet_gateway.igw": {
                    "type": "aws_internet_gateway",
                    "depends_on": [],
                    "primary": {
                        "id": "igw-5f2d1b3b",
                        "attributes": {
                            "id": "igw-5f2d1b3b",
                            "tags.%": "6",
                            "tags.ApplicationName": "CTP Platform Common Services",
                            "tags.BusinessOwner": "devops@ctp",
                            "tags.Environment": "DEV",
                            "tags.Name": "CTP-PCS-DEV-IGW",
                            "tags.Organization": "CTP-PCS",
                            "tags.TechnicalResource": "DEVOPS",
                            "vpc_id": "vpc-cdc058aa"
                        },
                        "meta": {},
                        "tainted": false
                    },
                    "deposed": [],
                    "provider": ""
                },
                "aws_nat_gateway.nat.0": {
                    "type": "aws_nat_gateway",
                    "depends_on": [
                        "aws_eip.nat.*",
                        "aws_subnet.dmz.*"
                    ],
                    "primary": {
                        "id": "nat-003287c7879ac07af",
                        "attributes": {
                            "allocation_id": "eipalloc-d3b593e9",
                            "id": "nat-003287c7879ac07af",
                            "network_interface_id": "eni-895db988",
                            "private_ip": "10.160.0.47",
                            "public_ip": "52.214.153.241",
                            "subnet_id": "subnet-08885453"
                        },
                        "meta": {},
                        "tainted": false
                    },
                    "deposed": [],
                    "provider": ""
                },
                "aws_nat_gateway.nat.1": {
                    "type": "aws_nat_gateway",
                    "depends_on": [
                        "aws_eip.nat.*",
                        "aws_subnet.dmz.*"
                    ],
                    "primary": {
                        "id": "nat-039d8a29d83e89184",
                        "attributes": {
                            "allocation_id": "eipalloc-24b6901e",
                            "id": "nat-039d8a29d83e89184",
                            "network_interface_id": "eni-62c84a4f",
                            "private_ip": "10.160.0.72",
                            "public_ip": "52.49.75.152",
                            "subnet_id": "subnet-6dec7c0a"
                        },
                        "meta": {},
                        "tainted": false
                    },
                    "deposed": [],
                    "provider": ""
                },
                "aws_nat_gateway.nat.2": {
                    "type": "aws_nat_gateway",
                    "depends_on": [
                        "aws_eip.nat.*",
                        "aws_subnet.dmz.*"
                    ],
                    "primary": {
                        "id": "nat-05bbf431701a0ba20",
                        "attributes": {
                            "allocation_id": "eipalloc-a6b7919c",
                            "id": "nat-05bbf431701a0ba20",
                            "network_interface_id": "eni-69bc1b56",
                            "private_ip": "10.160.0.169",
                            "public_ip": "52.16.127.203",
                            "subnet_id": "subnet-58b92111"
                        },
                        "meta": {},
                        "tainted": false
                    },
                    "deposed": [],
                    "provider": ""
                },
                "aws_network_acl.dmz": {
                    "type": "aws_network_acl",
                    "depends_on": [
                        "aws_subnet.dmz.*"
                    ],
                    "primary": {
                        "id": "acl-75e4d212",
                        "attributes": {
                            "egress.#": "1",
                            "egress.1401401844.action": "allow",
                            "egress.1401401844.cidr_block": "0.0.0.0/0",
                            "egress.1401401844.from_port": "0",
                            "egress.1401401844.icmp_code": "0",
                            "egress.1401401844.icmp_type": "0",
                            "egress.1401401844.ipv6_cidr_block": "",
                            "egress.1401401844.protocol": "-1",
                            "egress.1401401844.rule_no": "100",
                            "egress.1401401844.to_port": "0",
                            "id": "acl-75e4d212",
                            "ingress.#": "1",
                            "ingress.1401401844.action": "allow",
                            "ingress.1401401844.cidr_block": "0.0.0.0/0",
                            "ingress.1401401844.from_port": "0",
                            "ingress.1401401844.icmp_code": "0",
                            "ingress.1401401844.icmp_type": "0",
                            "ingress.1401401844.ipv6_cidr_block": "",
                            "ingress.1401401844.protocol": "-1",
                            "ingress.1401401844.rule_no": "100",
                            "ingress.1401401844.to_port": "0",
                            "subnet_ids.#": "3",
                            "subnet_ids.3557013329": "subnet-6dec7c0a",
                            "subnet_ids.4224302842": "subnet-58b92111",
                            "subnet_ids.841149637": "subnet-08885453",
                            "tags.%": "6",
                            "tags.ApplicationName": "CTP Platform Common Services",
                            "tags.BusinessOwner": "devops@ctp",
                            "tags.Environment": "DEV",
                            "tags.Name": "CTP-PCS-DEV-PUB-NACL",
                            "tags.Organization": "CTP-PCS",
                            "tags.TechnicalResource": "DEVOPS",
                            "vpc_id": "vpc-cdc058aa"
                        },
                        "meta": {},
                        "tainted": false
                    },
                    "deposed": [],
                    "provider": ""
                },
                "aws_network_acl_rule.dmz_egress_100": {
                    "type": "aws_network_acl_rule",
                    "depends_on": [
                        "aws_network_acl.dmz"
                    ],
                    "primary": {
                        "id": "nacl-3293791702",
                        "attributes": {
                            "cidr_block": "0.0.0.0/0",
                            "egress": "true",
                            "id": "nacl-3293791702",
                            "ipv6_cidr_block": "",
                            "network_acl_id": "acl-75e4d212",
                            "protocol": "all",
                            "rule_action": "allow",
                            "rule_number": "100"
                        },
                        "meta": {},
                        "tainted": false
                    },
                    "deposed": [],
                    "provider": ""
                },
                "aws_network_acl_rule.dmz_ingress_100": {
                    "type": "aws_network_acl_rule",
                    "depends_on": [
                        "aws_network_acl.dmz"
                    ],
                    "primary": {
                        "id": "nacl-1279631385",
                        "attributes": {
                            "cidr_block": "0.0.0.0/0",
                            "egress": "false",
                            "id": "nacl-1279631385",
                            "ipv6_cidr_block": "",
                            "network_acl_id": "acl-75e4d212",
                            "protocol": "all",
                            "rule_action": "allow",
                            "rule_number": "100"
                        },
                        "meta": {},
                        "tainted": false
                    },
                    "deposed": [],
                    "provider": ""
                },
                "aws_route.dmz_igw": {
                    "type": "aws_route",
                    "depends_on": [
                        "aws_internet_gateway.igw",
                        "aws_route_table.dmz"
                    ],
                    "primary": {
                        "id": "r-rtb-708d4a161080289494",
                        "attributes": {
                            "destination_cidr_block": "0.0.0.0/0",
                            "destination_prefix_list_id": "",
                            "egress_only_gateway_id": "",
                            "gateway_id": "igw-5f2d1b3b",
                            "id": "r-rtb-708d4a161080289494",
                            "instance_id": "",
                            "instance_owner_id": "",
                            "nat_gateway_id": "",
                            "network_interface_id": "",
                            "origin": "CreateRoute",
                            "route_table_id": "rtb-708d4a16",
                            "state": "active",
                            "vpc_peering_connection_id": ""
                        },
                        "meta": {},
                        "tainted": false
                    },
                    "deposed": [],
                    "provider": ""
                },
                "aws_route_table.dmz": {
                    "type": "aws_route_table",
                    "depends_on": [],
                    "primary": {
                        "id": "rtb-708d4a16",
                        "attributes": {
                            "id": "rtb-708d4a16",
                            "propagating_vgws.#": "0",
                            "route.#": "1",
                            "route.3785494471.cidr_block": "0.0.0.0/0",
                            "route.3785494471.egress_only_gateway_id": "",
                            "route.3785494471.gateway_id": "igw-5f2d1b3b",
                            "route.3785494471.instance_id": "",
                            "route.3785494471.ipv6_cidr_block": "",
                            "route.3785494471.nat_gateway_id": "",
                            "route.3785494471.network_interface_id": "",
                            "route.3785494471.vpc_peering_connection_id": "",
                            "tags.%": "6",
                            "tags.ApplicationName": "CTP Platform Common Services",
                            "tags.BusinessOwner": "devops@ctp",
                            "tags.Environment": "DEV",
                            "tags.Name": "CTP-PCS-DEV-PUB-RTB",
                            "tags.Organization": "CTP-PCS",
                            "tags.TechnicalResource": "DEVOPS",
                            "vpc_id": "vpc-cdc058aa"
                        },
                        "meta": {},
                        "tainted": false
                    },
                    "deposed": [],
                    "provider": ""
                },
                "aws_route_table_association.dmz.0": {
                    "type": "aws_route_table_association",
                    "depends_on": [
                        "aws_route_table.dmz",
                        "aws_subnet.dmz.*"
                    ],
                    "primary": {
                        "id": "rtbassoc-7823e601",
                        "attributes": {
                            "id": "rtbassoc-7823e601",
                            "route_table_id": "rtb-708d4a16",
                            "subnet_id": "subnet-08885453"
                        },
                        "meta": {},
                        "tainted": false
                    },
                    "deposed": [],
                    "provider": ""
                },
                "aws_route_table_association.dmz.1": {
                    "type": "aws_route_table_association",
                    "depends_on": [
                        "aws_route_table.dmz",
                        "aws_subnet.dmz.*"
                    ],
                    "primary": {
                        "id": "rtbassoc-3e2de847",
                        "attributes": {
                            "id": "rtbassoc-3e2de847",
                            "route_table_id": "rtb-708d4a16",
                            "subnet_id": "subnet-6dec7c0a"
                        },
                        "meta": {},
                        "tainted": false
                    },
                    "deposed": [],
                    "provider": ""
                },
                "aws_route_table_association.dmz.2": {
                    "type": "aws_route_table_association",
                    "depends_on": [
                        "aws_route_table.dmz",
                        "aws_subnet.dmz.*"
                    ],
                    "primary": {
                        "id": "rtbassoc-6a26e313",
                        "attributes": {
                            "id": "rtbassoc-6a26e313",
                            "route_table_id": "rtb-708d4a16",
                            "subnet_id": "subnet-58b92111"
                        },
                        "meta": {},
                        "tainted": false
                    },
                    "deposed": [],
                    "provider": ""
                },
                "aws_subnet.dmz.0": {
                    "type": "aws_subnet",
                    "depends_on": [],
                    "primary": {
                        "id": "subnet-08885453",
                        "attributes": {
                            "assign_ipv6_address_on_creation": "false",
                            "availability_zone": "eu-west-1a",
                            "cidr_block": "10.160.0.0/26",
                            "id": "subnet-08885453",
                            "map_public_ip_on_launch": "true",
                            "tags.%": "6",
                            "tags.ApplicationName": "CTP Platform Common Services",
                            "tags.BusinessOwner": "devops@ctp",
                            "tags.Environment": "DEV",
                            "tags.Name": "CTP-PCS-DEV-eu-west-1a-PUB-DMZ-SBT",
                            "tags.Organization": "CTP-PCS",
                            "tags.TechnicalResource": "DEVOPS",
                            "vpc_id": "vpc-cdc058aa"
                        },
                        "meta": {
                            "schema_version": "1"
                        },
                        "tainted": false
                    },
                    "deposed": [],
                    "provider": ""
                },
                "aws_subnet.dmz.1": {
                    "type": "aws_subnet",
                    "depends_on": [],
                    "primary": {
                        "id": "subnet-6dec7c0a",
                        "attributes": {
                            "assign_ipv6_address_on_creation": "false",
                            "availability_zone": "eu-west-1b",
                            "cidr_block": "10.160.0.64/26",
                            "id": "subnet-6dec7c0a",
                            "map_public_ip_on_launch": "true",
                            "tags.%": "6",
                            "tags.ApplicationName": "CTP Platform Common Services",
                            "tags.BusinessOwner": "devops@ctp",
                            "tags.Environment": "DEV",
                            "tags.Name": "CTP-PCS-DEV-eu-west-1b-PUB-DMZ-SBT",
                            "tags.Organization": "CTP-PCS",
                            "tags.TechnicalResource": "DEVOPS",
                            "vpc_id": "vpc-cdc058aa"
                        },
                        "meta": {
                            "schema_version": "1"
                        },
                        "tainted": false
                    },
                    "deposed": [],
                    "provider": ""
                },
                "aws_subnet.dmz.2": {
                    "type": "aws_subnet",
                    "depends_on": [],
                    "primary": {
                        "id": "subnet-58b92111",
                        "attributes": {
                            "assign_ipv6_address_on_creation": "false",
                            "availability_zone": "eu-west-1c",
                            "cidr_block": "10.160.0.128/26",
                            "id": "subnet-58b92111",
                            "map_public_ip_on_launch": "true",
                            "tags.%": "6",
                            "tags.ApplicationName": "CTP Platform Common Services",
                            "tags.BusinessOwner": "devops@ctp",
                            "tags.Environment": "DEV",
                            "tags.Name": "CTP-PCS-DEV-eu-west-1c-PUB-DMZ-SBT",
                            "tags.Organization": "CTP-PCS",
                            "tags.TechnicalResource": "DEVOPS",
                            "vpc_id": "vpc-cdc058aa"
                        },
                        "meta": {
                            "schema_version": "1"
                        },
                        "tainted": false
                    },
                    "deposed": [],
                    "provider": ""
                },
                "data.aws_vpc.selected": {
                    "type": "aws_vpc",
                    "depends_on": [],
                    "primary": {
                        "id": "vpc-cdc058aa",
                        "attributes": {
                            "cidr_block": "10.160.0.0/18",
                            "default": "false",
                            "dhcp_options_id": "dopt-34876853",
                            "id": "vpc-cdc058aa",
                            "instance_tenancy": "default",
                            "state": "available",
                            "tags.%": "6",
                            "tags.ApplicationName": "CTP Platform Common Services",
                            "tags.BusinessOwner": "devops@ctp",
                            "tags.Environment": "DEV",
                            "tags.Name": "CTP-PCS-DEV-VPC",
                            "tags.Organization": "CTP-PCS",
                            "tags.TechnicalResource": "DEVOPS"
                        },
                        "meta": {},
                        "tainted": false
                    },
                    "deposed": [],
                    "provider": ""
                }
            },
            "depends_on": []
        },
        {
            "path": [
                "root",
                "openvpn"
            ],
            "outputs": {
                "openvpn_address": {
                    "sensitive": false,
                    "type": "string",
                    "value": "34.250.132.73"
                },
                "openvpn_sg": {
                    "sensitive": false,
                    "type": "string",
                    "value": "sg-b9377ac1"
                }
            },
            "resources": {
                "aws_eip_association.openvpn_eip_assoc": {
                    "type": "aws_eip_association",
                    "depends_on": [
                        "aws_instance.openvpn",
                        "data.aws_eip.openvpn_ip"
                    ],
                    "primary": {
                        "id": "eipassoc-6307055e",
                        "attributes": {
                            "allocation_id": "eipalloc-7cabf046",
                            "id": "eipassoc-6307055e",
                            "instance_id": "i-0ab9b92acd1bac05e",
                            "network_interface_id": "eni-49c28176",
                            "private_ip_address": "10.160.0.144",
                            "public_ip": "34.250.132.73"
                        },
                        "meta": {},
                        "tainted": false
                    },
                    "deposed": [],
                    "provider": ""
                },
                "aws_instance.openvpn": {
                    "type": "aws_instance",
                    "depends_on": [
                        "aws_security_group.openvpn",
                        "random_shuffle.subnet"
                    ],
                    "primary": {
                        "id": "i-0ab9b92acd1bac05e",
                        "attributes": {
                            "ami": "ami-1a8a6b63",
                            "associate_public_ip_address": "true",
                            "availability_zone": "eu-west-1c",
                            "disable_api_termination": "false",
                            "ebs_block_device.#": "0",
                            "ebs_optimized": "false",
                            "ephemeral_block_device.#": "0",
                            "iam_instance_profile": "",
                            "id": "i-0ab9b92acd1bac05e",
                            "instance_state": "running",
                            "instance_type": "t2.medium",
                            "ipv6_addresses.#": "0",
                            "key_name": "automation-CTP-PCS-DEV",
                            "monitoring": "false",
                            "network_interface.#": "0",
                            "network_interface_id": "eni-49c28176",
                            "primary_network_interface_id": "eni-49c28176",
                            "private_dns": "ip-10-160-0-144.eu-west-1.compute.internal",
                            "private_ip": "10.160.0.144",
                            "public_dns": "ec2-176-34-140-239.eu-west-1.compute.amazonaws.com",
                            "public_ip": "176.34.140.239",
                            "root_block_device.#": "1",
                            "root_block_device.0.delete_on_termination": "true",
                            "root_block_device.0.iops": "0",
                            "root_block_device.0.volume_size": "8",
                            "root_block_device.0.volume_type": "standard",
                            "security_groups.#": "0",
                            "source_dest_check": "true",
                            "subnet_id": "subnet-58b92111",
                            "tags.%": "6",
                            "tags.ApplicationName": "CTP Platform Common Services",
                            "tags.BusinessOwner": "devops@ctp",
                            "tags.Environment": "DEV",
                            "tags.Name": "CTP-PCS-DEV-OPENVPN-EC2",
                            "tags.Organization": "CTP-PCS",
                            "tags.TechnicalResource": "DEVOPS",
                            "tenancy": "default",
                            "user_data": "70f8b78b5acdb00c8c46708bfcb7032a1eb62aa2",
                            "volume_tags.%": "0",
                            "vpc_security_group_ids.#": "1",
                            "vpc_security_group_ids.1241509984": "sg-b9377ac1"
                        },
                        "meta": {
                            "e2bfb730-ecaa-11e6-8f88-34363bc7c4c0": {
                                "create": 600000000000,
                                "delete": 600000000000,
                                "update": 600000000000
                            },
                            "schema_version": "1"
                        },
                        "tainted": false
                    },
                    "deposed": [],
                    "provider": ""
                },
                "aws_security_group.openvpn": {
                    "type": "aws_security_group",
                    "depends_on": [],
                    "primary": {
                        "id": "sg-b9377ac1",
                        "attributes": {
                            "description": "OpenVPN Access Server security group",
                            "egress.#": "5",
                            "egress.1526430571.cidr_blocks.#": "1",
                            "egress.1526430571.cidr_blocks.0": "169.254.169.254/32",
                            "egress.1526430571.from_port": "80",
                            "egress.1526430571.ipv6_cidr_blocks.#": "0",
                            "egress.1526430571.prefix_list_ids.#": "0",
                            "egress.1526430571.protocol": "tcp",
                            "egress.1526430571.security_groups.#": "0",
                            "egress.1526430571.self": "false",
                            "egress.1526430571.to_port": "80",
                            "egress.197277091.cidr_blocks.#": "1",
                            "egress.197277091.cidr_blocks.0": "10.160.0.0/18",
                            "egress.197277091.from_port": "443",
                            "egress.197277091.ipv6_cidr_blocks.#": "0",
                            "egress.197277091.prefix_list_ids.#": "0",
                            "egress.197277091.protocol": "tcp",
                            "egress.197277091.security_groups.#": "0",
                            "egress.197277091.self": "false",
                            "egress.197277091.to_port": "443",
                            "egress.2965084614.cidr_blocks.#": "1",
                            "egress.2965084614.cidr_blocks.0": "10.160.0.0/18",
                            "egress.2965084614.from_port": "80",
                            "egress.2965084614.ipv6_cidr_blocks.#": "0",
                            "egress.2965084614.prefix_list_ids.#": "0",
                            "egress.2965084614.protocol": "tcp",
                            "egress.2965084614.security_groups.#": "0",
                            "egress.2965084614.self": "false",
                            "egress.2965084614.to_port": "80",
                            "egress.2970608927.cidr_blocks.#": "1",
                            "egress.2970608927.cidr_blocks.0": "10.160.0.0/18",
                            "egress.2970608927.from_port": "8200",
                            "egress.2970608927.ipv6_cidr_blocks.#": "0",
                            "egress.2970608927.prefix_list_ids.#": "0",
                            "egress.2970608927.protocol": "tcp",
                            "egress.2970608927.security_groups.#": "0",
                            "egress.2970608927.self": "false",
                            "egress.2970608927.to_port": "8200",
                            "egress.903603349.cidr_blocks.#": "1",
                            "egress.903603349.cidr_blocks.0": "10.160.0.0/18",
                            "egress.903603349.from_port": "8500",
                            "egress.903603349.ipv6_cidr_blocks.#": "0",
                            "egress.903603349.prefix_list_ids.#": "0",
                            "egress.903603349.protocol": "tcp",
                            "egress.903603349.security_groups.#": "0",
                            "egress.903603349.self": "false",
                            "egress.903603349.to_port": "8500",
                            "id": "sg-b9377ac1",
                            "ingress.#": "2",
                            "ingress.2617001939.cidr_blocks.#": "1",
                            "ingress.2617001939.cidr_blocks.0": "0.0.0.0/0",
                            "ingress.2617001939.from_port": "443",
                            "ingress.2617001939.ipv6_cidr_blocks.#": "0",
                            "ingress.2617001939.protocol": "tcp",
                            "ingress.2617001939.security_groups.#": "0",
                            "ingress.2617001939.self": "false",
                            "ingress.2617001939.to_port": "443",
                            "ingress.4178520169.cidr_blocks.#": "1",
                            "ingress.4178520169.cidr_blocks.0": "0.0.0.0/0",
                            "ingress.4178520169.from_port": "1194",
                            "ingress.4178520169.ipv6_cidr_blocks.#": "0",
                            "ingress.4178520169.protocol": "udp",
                            "ingress.4178520169.security_groups.#": "0",
                            "ingress.4178520169.self": "false",
                            "ingress.4178520169.to_port": "1194",
                            "name": "CTP-PCS-DEV-OpenVPN-sg",
                            "owner_id": "202543853526",
                            "tags.%": "6",
                            "tags.ApplicationName": "CTP Platform Common Services",
                            "tags.BusinessOwner": "devops@ctp",
                            "tags.Environment": "DEV",
                            "tags.Name": "CTP-PCS-DEV-OpenVPN-sg",
                            "tags.Organization": "CTP-PCS",
                            "tags.TechnicalResource": "DEVOPS",
                            "vpc_id": "vpc-cdc058aa"
                        },
                        "meta": {},
                        "tainted": false
                    },
                    "deposed": [],
                    "provider": ""
                },
                "data.aws_ami.openvpn": {
                    "type": "aws_ami",
                    "depends_on": [],
                    "primary": {
                        "id": "ami-70846509",
                        "attributes": {
                            "architecture": "x86_64",
                            "block_device_mappings.#": "1",
                            "block_device_mappings.4184906282.device_name": "/dev/sda1",
                            "block_device_mappings.4184906282.ebs.%": "6",
                            "block_device_mappings.4184906282.ebs.delete_on_termination": "true",
                            "block_device_mappings.4184906282.ebs.encrypted": "false",
                            "block_device_mappings.4184906282.ebs.iops": "0",
                            "block_device_mappings.4184906282.ebs.snapshot_id": "snap-05745073522cc55f6",
                            "block_device_mappings.4184906282.ebs.volume_size": "8",
                            "block_device_mappings.4184906282.ebs.volume_type": "standard",
                            "block_device_mappings.4184906282.no_device": "",
                            "block_device_mappings.4184906282.virtual_name": "",
                            "creation_date": "2017-07-05T17:02:33.000Z",
                            "description": "http://www.openvpn.net/",
                            "filter.#": "3",
                            "filter.2312092562.name": "name",
                            "filter.2312092562.values.#": "1",
                            "filter.2312092562.values.0": "OpenVPN Access Server*",
                            "filter.3386043752.name": "architecture",
                            "filter.3386043752.values.#": "1",
                            "filter.3386043752.values.0": "x86_64",
                            "filter.490168357.name": "virtualization-type",
                            "filter.490168357.values.#": "1",
                            "filter.490168357.values.0": "hvm",
                            "hypervisor": "xen",
                            "id": "ami-70846509",
                            "image_id": "ami-70846509",
                            "image_location": "aws-marketplace/OpenVPN Access Server 2.1.9-775528a5-99b0-4774-9e03-fdaa23b4d060-ami-d7576bc1.4",
                            "image_owner_alias": "aws-marketplace",
                            "image_type": "machine",
                            "most_recent": "true",
                            "name": "OpenVPN Access Server 2.1.9-775528a5-99b0-4774-9e03-fdaa23b4d060-ami-d7576bc1.4",
                            "owner_id": "679593333241",
                            "owners.#": "1",
                            "owners.0": "679593333241",
                            "product_codes.#": "1",
                            "product_codes.1707161238.product_code_id": "72bygig6qwt42jufu9aldwqqo",
                            "product_codes.1707161238.product_code_type": "marketplace",
                            "public": "true",
                            "root_device_name": "/dev/sda1",
                            "root_device_type": "ebs",
                            "sriov_net_support": "simple",
                            "state": "available",
                            "state_reason.%": "2",
                            "state_reason.code": "UNSET",
                            "state_reason.message": "UNSET",
                            "tags.#": "0",
                            "virtualization_type": "hvm"
                        },
                        "meta": {},
                        "tainted": false
                    },
                    "deposed": [],
                    "provider": ""
                },
                "data.aws_eip.openvpn_ip": {
                    "type": "aws_eip",
                    "depends_on": [],
                    "primary": {
                        "id": "eipalloc-7cabf046",
                        "attributes": {
                            "id": "eipalloc-7cabf046",
                            "public_ip": "34.250.132.73"
                        },
                        "meta": {},
                        "tainted": false
                    },
                    "deposed": [],
                    "provider": ""
                },
                "random_shuffle.subnet": {
                    "type": "random_shuffle",
                    "depends_on": [
                        "data.aws_ami.openvpn"
                    ],
                    "primary": {
                        "id": "-",
                        "attributes": {
                            "id": "-",
                            "input.#": "3",
                            "input.0": "subnet-08885453",
                            "input.1": "subnet-6dec7c0a",
                            "input.2": "subnet-58b92111",
                            "keepers.%": "1",
                            "keepers.ami_id": "ami-70846509",
                            "result.#": "1",
                            "result.0": "subnet-58b92111",
                            "result_count": "1"
                        },
                        "meta": {},
                        "tainted": false
                    },
                    "deposed": [],
                    "provider": ""
                }
            },
            "depends_on": []
        },
        {
            "path": [
                "root",
                "security_subnets"
            ],
            "outputs": {
                "base_subnet_pcs_route_ids": {
                    "sensitive": false,
                    "type": "list",
                    "value": []
                },
                "nacl_id": {
                    "sensitive": false,
                    "type": "string",
                    "value": "acl-71facc16"
                },
                "subnet_ids": {
                    "sensitive": false,
                    "type": "list",
                    "value": [
                        "subnet-a18a56fa",
                        "subnet-38ec7c5f",
                        "subnet-7eba2237"
                    ]
                }
            },
            "resources": {
                "aws_network_acl.base_nacl": {
                    "type": "aws_network_acl",
                    "depends_on": [
                        "aws_subnet.base_subnet.*"
                    ],
                    "primary": {
                        "id": "acl-71facc16",
                        "attributes": {
                            "egress.#": "1",
                            "egress.1401401844.action": "allow",
                            "egress.1401401844.cidr_block": "0.0.0.0/0",
                            "egress.1401401844.from_port": "0",
                            "egress.1401401844.icmp_code": "0",
                            "egress.1401401844.icmp_type": "0",
                            "egress.1401401844.ipv6_cidr_block": "",
                            "egress.1401401844.protocol": "-1",
                            "egress.1401401844.rule_no": "100",
                            "egress.1401401844.to_port": "0",
                            "id": "acl-71facc16",
                            "ingress.#": "1",
                            "ingress.1401401844.action": "allow",
                            "ingress.1401401844.cidr_block": "0.0.0.0/0",
                            "ingress.1401401844.from_port": "0",
                            "ingress.1401401844.icmp_code": "0",
                            "ingress.1401401844.icmp_type": "0",
                            "ingress.1401401844.ipv6_cidr_block": "",
                            "ingress.1401401844.protocol": "-1",
                            "ingress.1401401844.rule_no": "100",
                            "ingress.1401401844.to_port": "0",
                            "subnet_ids.#": "3",
                            "subnet_ids.2609208080": "subnet-38ec7c5f",
                            "subnet_ids.474095061": "subnet-a18a56fa",
                            "subnet_ids.715050004": "subnet-7eba2237",
                            "tags.%": "6",
                            "tags.ApplicationName": "CTP Platform Common Services",
                            "tags.BusinessOwner": "devops@ctp",
                            "tags.Environment": "DEV",
                            "tags.Name": "CTP-PCS-DEV-PVT-NACL",
                            "tags.Organization": "CTP-PCS",
                            "tags.TechnicalResource": "DEVOPS",
                            "vpc_id": "vpc-cdc058aa"
                        },
                        "meta": {},
                        "tainted": false
                    },
                    "deposed": [],
                    "provider": ""
                },
                "aws_network_acl_rule.dmz_egress_100": {
                    "type": "aws_network_acl_rule",
                    "depends_on": [
                        "aws_network_acl.base_nacl"
                    ],
                    "primary": {
                        "id": "nacl-3206549234",
                        "attributes": {
                            "cidr_block": "0.0.0.0/0",
                            "egress": "true",
                            "id": "nacl-3206549234",
                            "ipv6_cidr_block": "",
                            "network_acl_id": "acl-71facc16",
                            "protocol": "all",
                            "rule_action": "allow",
                            "rule_number": "100"
                        },
                        "meta": {},
                        "tainted": false
                    },
                    "deposed": [],
                    "provider": ""
                },
                "aws_network_acl_rule.dmz_ingress_100": {
                    "type": "aws_network_acl_rule",
                    "depends_on": [
                        "aws_network_acl.base_nacl"
                    ],
                    "primary": {
                        "id": "nacl-1883060099",
                        "attributes": {
                            "cidr_block": "0.0.0.0/0",
                            "egress": "false",
                            "id": "nacl-1883060099",
                            "ipv6_cidr_block": "",
                            "network_acl_id": "acl-71facc16",
                            "protocol": "all",
                            "rule_action": "allow",
                            "rule_number": "100"
                        },
                        "meta": {},
                        "tainted": false
                    },
                    "deposed": [],
                    "provider": ""
                },
                "aws_route.base_subnet_outbound_route.0": {
                    "type": "aws_route",
                    "depends_on": [
                        "aws_route_table.base_route_table.*"
                    ],
                    "primary": {
                        "id": "r-rtb-028047641080289494",
                        "attributes": {
                            "destination_cidr_block": "0.0.0.0/0",
                            "destination_prefix_list_id": "",
                            "egress_only_gateway_id": "",
                            "gateway_id": "",
                            "id": "r-rtb-028047641080289494",
                            "instance_id": "",
                            "instance_owner_id": "",
                            "nat_gateway_id": "nat-003287c7879ac07af",
                            "network_interface_id": "",
                            "origin": "CreateRoute",
                            "route_table_id": "rtb-02804764",
                            "state": "active",
                            "vpc_peering_connection_id": ""
                        },
                        "meta": {},
                        "tainted": false
                    },
                    "deposed": [],
                    "provider": ""
                },
                "aws_route.base_subnet_outbound_route.1": {
                    "type": "aws_route",
                    "depends_on": [
                        "aws_route_table.base_route_table.*"
                    ],
                    "primary": {
                        "id": "r-rtb-1a8d4a7c1080289494",
                        "attributes": {
                            "destination_cidr_block": "0.0.0.0/0",
                            "destination_prefix_list_id": "",
                            "egress_only_gateway_id": "",
                            "gateway_id": "",
                            "id": "r-rtb-1a8d4a7c1080289494",
                            "instance_id": "",
                            "instance_owner_id": "",
                            "nat_gateway_id": "nat-039d8a29d83e89184",
                            "network_interface_id": "",
                            "origin": "CreateRoute",
                            "route_table_id": "rtb-1a8d4a7c",
                            "state": "active",
                            "vpc_peering_connection_id": ""
                        },
                        "meta": {},
                        "tainted": false
                    },
                    "deposed": [],
                    "provider": ""
                },
                "aws_route.base_subnet_outbound_route.2": {
                    "type": "aws_route",
                    "depends_on": [
                        "aws_route_table.base_route_table.*"
                    ],
                    "primary": {
                        "id": "r-rtb-1b8d4a7d1080289494",
                        "attributes": {
                            "destination_cidr_block": "0.0.0.0/0",
                            "destination_prefix_list_id": "",
                            "egress_only_gateway_id": "",
                            "gateway_id": "",
                            "id": "r-rtb-1b8d4a7d1080289494",
                            "instance_id": "",
                            "instance_owner_id": "",
                            "nat_gateway_id": "nat-05bbf431701a0ba20",
                            "network_interface_id": "",
                            "origin": "CreateRoute",
                            "route_table_id": "rtb-1b8d4a7d",
                            "state": "active",
                            "vpc_peering_connection_id": ""
                        },
                        "meta": {},
                        "tainted": false
                    },
                    "deposed": [],
                    "provider": ""
                },
                "aws_route_table.base_route_table.0": {
                    "type": "aws_route_table",
                    "depends_on": [],
                    "primary": {
                        "id": "rtb-02804764",
                        "attributes": {
                            "id": "rtb-02804764",
                            "propagating_vgws.#": "0",
                            "route.#": "1",
                            "route.183948145.cidr_block": "0.0.0.0/0",
                            "route.183948145.egress_only_gateway_id": "",
                            "route.183948145.gateway_id": "",
                            "route.183948145.instance_id": "",
                            "route.183948145.ipv6_cidr_block": "",
                            "route.183948145.nat_gateway_id": "nat-003287c7879ac07af",
                            "route.183948145.network_interface_id": "",
                            "route.183948145.vpc_peering_connection_id": "",
                            "tags.%": "6",
                            "tags.ApplicationName": "CTP Platform Common Services",
                            "tags.BusinessOwner": "devops@ctp",
                            "tags.Environment": "DEV",
                            "tags.Name": "CTP-PCS-DEV-PVT-RTB",
                            "tags.Organization": "CTP-PCS",
                            "tags.TechnicalResource": "DEVOPS",
                            "vpc_id": "vpc-cdc058aa"
                        },
                        "meta": {},
                        "tainted": false
                    },
                    "deposed": [],
                    "provider": ""
                },
                "aws_route_table.base_route_table.1": {
                    "type": "aws_route_table",
                    "depends_on": [],
                    "primary": {
                        "id": "rtb-1a8d4a7c",
                        "attributes": {
                            "id": "rtb-1a8d4a7c",
                            "propagating_vgws.#": "0",
                            "route.#": "1",
                            "route.1162529806.cidr_block": "0.0.0.0/0",
                            "route.1162529806.egress_only_gateway_id": "",
                            "route.1162529806.gateway_id": "",
                            "route.1162529806.instance_id": "",
                            "route.1162529806.ipv6_cidr_block": "",
                            "route.1162529806.nat_gateway_id": "nat-039d8a29d83e89184",
                            "route.1162529806.network_interface_id": "",
                            "route.1162529806.vpc_peering_connection_id": "",
                            "tags.%": "6",
                            "tags.ApplicationName": "CTP Platform Common Services",
                            "tags.BusinessOwner": "devops@ctp",
                            "tags.Environment": "DEV",
                            "tags.Name": "CTP-PCS-DEV-PVT-RTB",
                            "tags.Organization": "CTP-PCS",
                            "tags.TechnicalResource": "DEVOPS",
                            "vpc_id": "vpc-cdc058aa"
                        },
                        "meta": {},
                        "tainted": false
                    },
                    "deposed": [],
                    "provider": ""
                },
                "aws_route_table.base_route_table.2": {
                    "type": "aws_route_table",
                    "depends_on": [],
                    "primary": {
                        "id": "rtb-1b8d4a7d",
                        "attributes": {
                            "id": "rtb-1b8d4a7d",
                            "propagating_vgws.#": "0",
                            "route.#": "1",
                            "route.398897183.cidr_block": "0.0.0.0/0",
                            "route.398897183.egress_only_gateway_id": "",
                            "route.398897183.gateway_id": "",
                            "route.398897183.instance_id": "",
                            "route.398897183.ipv6_cidr_block": "",
                            "route.398897183.nat_gateway_id": "nat-05bbf431701a0ba20",
                            "route.398897183.network_interface_id": "",
                            "route.398897183.vpc_peering_connection_id": "",
                            "tags.%": "6",
                            "tags.ApplicationName": "CTP Platform Common Services",
                            "tags.BusinessOwner": "devops@ctp",
                            "tags.Environment": "DEV",
                            "tags.Name": "CTP-PCS-DEV-PVT-RTB",
                            "tags.Organization": "CTP-PCS",
                            "tags.TechnicalResource": "DEVOPS",
                            "vpc_id": "vpc-cdc058aa"
                        },
                        "meta": {},
                        "tainted": false
                    },
                    "deposed": [],
                    "provider": ""
                },
                "aws_route_table_association.subnet_rt_assoc.0": {
                    "type": "aws_route_table_association",
                    "depends_on": [
                        "aws_route_table.base_route_table.*",
                        "aws_subnet.base_subnet.*"
                    ],
                    "primary": {
                        "id": "rtbassoc-7923e600",
                        "attributes": {
                            "id": "rtbassoc-7923e600",
                            "route_table_id": "rtb-02804764",
                            "subnet_id": "subnet-a18a56fa"
                        },
                        "meta": {},
                        "tainted": false
                    },
                    "deposed": [],
                    "provider": ""
                },
                "aws_route_table_association.subnet_rt_assoc.1": {
                    "type": "aws_route_table_association",
                    "depends_on": [
                        "aws_route_table.base_route_table.*",
                        "aws_subnet.base_subnet.*"
                    ],
                    "primary": {
                        "id": "rtbassoc-6322e71a",
                        "attributes": {
                            "id": "rtbassoc-6322e71a",
                            "route_table_id": "rtb-1a8d4a7c",
                            "subnet_id": "subnet-38ec7c5f"
                        },
                        "meta": {},
                        "tainted": false
                    },
                    "deposed": [],
                    "provider": ""
                },
                "aws_route_table_association.subnet_rt_assoc.2": {
                    "type": "aws_route_table_association",
                    "depends_on": [
                        "aws_route_table.base_route_table.*",
                        "aws_subnet.base_subnet.*"
                    ],
                    "primary": {
                        "id": "rtbassoc-8721e4fe",
                        "attributes": {
                            "id": "rtbassoc-8721e4fe",
                            "route_table_id": "rtb-1b8d4a7d",
                            "subnet_id": "subnet-7eba2237"
                        },
                        "meta": {},
                        "tainted": false
                    },
                    "deposed": [],
                    "provider": ""
                },
                "aws_subnet.base_subnet.0": {
                    "type": "aws_subnet",
                    "depends_on": [],
                    "primary": {
                        "id": "subnet-a18a56fa",
                        "attributes": {
                            "assign_ipv6_address_on_creation": "false",
                            "availability_zone": "eu-west-1a",
                            "cidr_block": "10.160.8.0/23",
                            "id": "subnet-a18a56fa",
                            "map_public_ip_on_launch": "false",
                            "tags.%": "6",
                            "tags.ApplicationName": "CTP Platform Common Services",
                            "tags.BusinessOwner": "devops@ctp",
                            "tags.Environment": "DEV",
                            "tags.Name": "CTP-PCS-DEV-eu-west-1a-PVT-Security-SBT",
                            "tags.Organization": "CTP-PCS",
                            "tags.TechnicalResource": "DEVOPS",
                            "vpc_id": "vpc-cdc058aa"
                        },
                        "meta": {
                            "schema_version": "1"
                        },
                        "tainted": false
                    },
                    "deposed": [],
                    "provider": ""
                },
                "aws_subnet.base_subnet.1": {
                    "type": "aws_subnet",
                    "depends_on": [],
                    "primary": {
                        "id": "subnet-38ec7c5f",
                        "attributes": {
                            "assign_ipv6_address_on_creation": "false",
                            "availability_zone": "eu-west-1b",
                            "cidr_block": "10.160.10.0/23",
                            "id": "subnet-38ec7c5f",
                            "map_public_ip_on_launch": "false",
                            "tags.%": "6",
                            "tags.ApplicationName": "CTP Platform Common Services",
                            "tags.BusinessOwner": "devops@ctp",
                            "tags.Environment": "DEV",
                            "tags.Name": "CTP-PCS-DEV-eu-west-1b-PVT-Security-SBT",
                            "tags.Organization": "CTP-PCS",
                            "tags.TechnicalResource": "DEVOPS",
                            "vpc_id": "vpc-cdc058aa"
                        },
                        "meta": {
                            "schema_version": "1"
                        },
                        "tainted": false
                    },
                    "deposed": [],
                    "provider": ""
                },
                "aws_subnet.base_subnet.2": {
                    "type": "aws_subnet",
                    "depends_on": [],
                    "primary": {
                        "id": "subnet-7eba2237",
                        "attributes": {
                            "assign_ipv6_address_on_creation": "false",
                            "availability_zone": "eu-west-1c",
                            "cidr_block": "10.160.12.0/23",
                            "id": "subnet-7eba2237",
                            "map_public_ip_on_launch": "false",
                            "tags.%": "6",
                            "tags.ApplicationName": "CTP Platform Common Services",
                            "tags.BusinessOwner": "devops@ctp",
                            "tags.Environment": "DEV",
                            "tags.Name": "CTP-PCS-DEV-eu-west-1c-PVT-Security-SBT",
                            "tags.Organization": "CTP-PCS",
                            "tags.TechnicalResource": "DEVOPS",
                            "vpc_id": "vpc-cdc058aa"
                        },
                        "meta": {
                            "schema_version": "1"
                        },
                        "tainted": false
                    },
                    "deposed": [],
                    "provider": ""
                },
                "data.aws_vpc.selected": {
                    "type": "aws_vpc",
                    "depends_on": [],
                    "primary": {
                        "id": "vpc-cdc058aa",
                        "attributes": {
                            "cidr_block": "10.160.0.0/18",
                            "default": "false",
                            "dhcp_options_id": "dopt-34876853",
                            "id": "vpc-cdc058aa",
                            "instance_tenancy": "default",
                            "state": "available",
                            "tags.%": "6",
                            "tags.ApplicationName": "CTP Platform Common Services",
                            "tags.BusinessOwner": "devops@ctp",
                            "tags.Environment": "DEV",
                            "tags.Name": "CTP-PCS-DEV-VPC",
                            "tags.Organization": "CTP-PCS",
                            "tags.TechnicalResource": "DEVOPS"
                        },
                        "meta": {},
                        "tainted": false
                    },
                    "deposed": [],
                    "provider": ""
                }
            },
            "depends_on": []
        },
        {
            "path": [
                "root",
                "service_subnets"
            ],
            "outputs": {
                "base_subnet_pcs_route_ids": {
                    "sensitive": false,
                    "type": "list",
                    "value": []
                },
                "nacl_id": {
                    "sensitive": false,
                    "type": "string",
                    "value": "acl-0cf9cf6b"
                },
                "subnet_ids": {
                    "sensitive": false,
                    "type": "list",
                    "value": [
                        "subnet-e98854b2",
                        "subnet-ebea7a8c",
                        "subnet-9f861ed6"
                    ]
                }
            },
            "resources": {
                "aws_network_acl.base_nacl": {
                    "type": "aws_network_acl",
                    "depends_on": [
                        "aws_subnet.base_subnet.*"
                    ],
                    "primary": {
                        "id": "acl-0cf9cf6b",
                        "attributes": {
                            "egress.#": "1",
                            "egress.1401401844.action": "allow",
                            "egress.1401401844.cidr_block": "0.0.0.0/0",
                            "egress.1401401844.from_port": "0",
                            "egress.1401401844.icmp_code": "0",
                            "egress.1401401844.icmp_type": "0",
                            "egress.1401401844.ipv6_cidr_block": "",
                            "egress.1401401844.protocol": "-1",
                            "egress.1401401844.rule_no": "100",
                            "egress.1401401844.to_port": "0",
                            "id": "acl-0cf9cf6b",
                            "ingress.#": "1",
                            "ingress.1401401844.action": "allow",
                            "ingress.1401401844.cidr_block": "0.0.0.0/0",
                            "ingress.1401401844.from_port": "0",
                            "ingress.1401401844.icmp_code": "0",
                            "ingress.1401401844.icmp_type": "0",
                            "ingress.1401401844.ipv6_cidr_block": "",
                            "ingress.1401401844.protocol": "-1",
                            "ingress.1401401844.rule_no": "100",
                            "ingress.1401401844.to_port": "0",
                            "subnet_ids.#": "3",
                            "subnet_ids.191816150": "subnet-e98854b2",
                            "subnet_ids.3496054831": "subnet-9f861ed6",
                            "subnet_ids.870914660": "subnet-ebea7a8c",
                            "tags.%": "6",
                            "tags.ApplicationName": "CTP Platform Common Services",
                            "tags.BusinessOwner": "devops@ctp",
                            "tags.Environment": "DEV",
                            "tags.Name": "CTP-PCS-DEV-PVT-NACL",
                            "tags.Organization": "CTP-PCS",
                            "tags.TechnicalResource": "DEVOPS",
                            "vpc_id": "vpc-cdc058aa"
                        },
                        "meta": {},
                        "tainted": false
                    },
                    "deposed": [],
                    "provider": ""
                },
                "aws_network_acl_rule.dmz_egress_100": {
                    "type": "aws_network_acl_rule",
                    "depends_on": [
                        "aws_network_acl.base_nacl"
                    ],
                    "primary": {
                        "id": "nacl-3680580061",
                        "attributes": {
                            "cidr_block": "0.0.0.0/0",
                            "egress": "true",
                            "id": "nacl-3680580061",
                            "ipv6_cidr_block": "",
                            "network_acl_id": "acl-0cf9cf6b",
                            "protocol": "all",
                            "rule_action": "allow",
                            "rule_number": "100"
                        },
                        "meta": {},
                        "tainted": false
                    },
                    "deposed": [],
                    "provider": ""
                },
                "aws_network_acl_rule.dmz_ingress_100": {
                    "type": "aws_network_acl_rule",
                    "depends_on": [
                        "aws_network_acl.base_nacl"
                    ],
                    "primary": {
                        "id": "nacl-3683142629",
                        "attributes": {
                            "cidr_block": "0.0.0.0/0",
                            "egress": "false",
                            "id": "nacl-3683142629",
                            "ipv6_cidr_block": "",
                            "network_acl_id": "acl-0cf9cf6b",
                            "protocol": "all",
                            "rule_action": "allow",
                            "rule_number": "100"
                        },
                        "meta": {},
                        "tainted": false
                    },
                    "deposed": [],
                    "provider": ""
                },
                "aws_route.base_subnet_outbound_route.0": {
                    "type": "aws_route",
                    "depends_on": [
                        "aws_route_table.base_route_table.*"
                    ],
                    "primary": {
                        "id": "r-rtb-2a8e494c1080289494",
                        "attributes": {
                            "destination_cidr_block": "0.0.0.0/0",
                            "destination_prefix_list_id": "",
                            "egress_only_gateway_id": "",
                            "gateway_id": "",
                            "id": "r-rtb-2a8e494c1080289494",
                            "instance_id": "",
                            "instance_owner_id": "",
                            "nat_gateway_id": "nat-003287c7879ac07af",
                            "network_interface_id": "",
                            "origin": "CreateRoute",
                            "route_table_id": "rtb-2a8e494c",
                            "state": "active",
                            "vpc_peering_connection_id": ""
                        },
                        "meta": {},
                        "tainted": false
                    },
                    "deposed": [],
                    "provider": ""
                },
                "aws_route.base_subnet_outbound_route.1": {
                    "type": "aws_route",
                    "depends_on": [
                        "aws_route_table.base_route_table.*"
                    ],
                    "primary": {
                        "id": "r-rtb-6e8047081080289494",
                        "attributes": {
                            "destination_cidr_block": "0.0.0.0/0",
                            "destination_prefix_list_id": "",
                            "egress_only_gateway_id": "",
                            "gateway_id": "",
                            "id": "r-rtb-6e8047081080289494",
                            "instance_id": "",
                            "instance_owner_id": "",
                            "nat_gateway_id": "nat-039d8a29d83e89184",
                            "network_interface_id": "",
                            "origin": "CreateRoute",
                            "route_table_id": "rtb-6e804708",
                            "state": "active",
                            "vpc_peering_connection_id": ""
                        },
                        "meta": {},
                        "tainted": false
                    },
                    "deposed": [],
                    "provider": ""
                },
                "aws_route.base_subnet_outbound_route.2": {
                    "type": "aws_route",
                    "depends_on": [
                        "aws_route_table.base_route_table.*"
                    ],
                    "primary": {
                        "id": "r-rtb-ae8047c81080289494",
                        "attributes": {
                            "destination_cidr_block": "0.0.0.0/0",
                            "destination_prefix_list_id": "",
                            "egress_only_gateway_id": "",
                            "gateway_id": "",
                            "id": "r-rtb-ae8047c81080289494",
                            "instance_id": "",
                            "instance_owner_id": "",
                            "nat_gateway_id": "nat-05bbf431701a0ba20",
                            "network_interface_id": "",
                            "origin": "CreateRoute",
                            "route_table_id": "rtb-ae8047c8",
                            "state": "active",
                            "vpc_peering_connection_id": ""
                        },
                        "meta": {},
                        "tainted": false
                    },
                    "deposed": [],
                    "provider": ""
                },
                "aws_route_table.base_route_table.0": {
                    "type": "aws_route_table",
                    "depends_on": [],
                    "primary": {
                        "id": "rtb-2a8e494c",
                        "attributes": {
                            "id": "rtb-2a8e494c",
                            "propagating_vgws.#": "0",
                            "route.#": "1",
                            "route.183948145.cidr_block": "0.0.0.0/0",
                            "route.183948145.egress_only_gateway_id": "",
                            "route.183948145.gateway_id": "",
                            "route.183948145.instance_id": "",
                            "route.183948145.ipv6_cidr_block": "",
                            "route.183948145.nat_gateway_id": "nat-003287c7879ac07af",
                            "route.183948145.network_interface_id": "",
                            "route.183948145.vpc_peering_connection_id": "",
                            "tags.%": "6",
                            "tags.ApplicationName": "CTP Platform Common Services",
                            "tags.BusinessOwner": "devops@ctp",
                            "tags.Environment": "DEV",
                            "tags.Name": "CTP-PCS-DEV-PVT-RTB",
                            "tags.Organization": "CTP-PCS",
                            "tags.TechnicalResource": "DEVOPS",
                            "vpc_id": "vpc-cdc058aa"
                        },
                        "meta": {},
                        "tainted": false
                    },
                    "deposed": [],
                    "provider": ""
                },
                "aws_route_table.base_route_table.1": {
                    "type": "aws_route_table",
                    "depends_on": [],
                    "primary": {
                        "id": "rtb-6e804708",
                        "attributes": {
                            "id": "rtb-6e804708",
                            "propagating_vgws.#": "0",
                            "route.#": "1",
                            "route.1162529806.cidr_block": "0.0.0.0/0",
                            "route.1162529806.egress_only_gateway_id": "",
                            "route.1162529806.gateway_id": "",
                            "route.1162529806.instance_id": "",
                            "route.1162529806.ipv6_cidr_block": "",
                            "route.1162529806.nat_gateway_id": "nat-039d8a29d83e89184",
                            "route.1162529806.network_interface_id": "",
                            "route.1162529806.vpc_peering_connection_id": "",
                            "tags.%": "6",
                            "tags.ApplicationName": "CTP Platform Common Services",
                            "tags.BusinessOwner": "devops@ctp",
                            "tags.Environment": "DEV",
                            "tags.Name": "CTP-PCS-DEV-PVT-RTB",
                            "tags.Organization": "CTP-PCS",
                            "tags.TechnicalResource": "DEVOPS",
                            "vpc_id": "vpc-cdc058aa"
                        },
                        "meta": {},
                        "tainted": false
                    },
                    "deposed": [],
                    "provider": ""
                },
                "aws_route_table.base_route_table.2": {
                    "type": "aws_route_table",
                    "depends_on": [],
                    "primary": {
                        "id": "rtb-ae8047c8",
                        "attributes": {
                            "id": "rtb-ae8047c8",
                            "propagating_vgws.#": "0",
                            "route.#": "1",
                            "route.398897183.cidr_block": "0.0.0.0/0",
                            "route.398897183.egress_only_gateway_id": "",
                            "route.398897183.gateway_id": "",
                            "route.398897183.instance_id": "",
                            "route.398897183.ipv6_cidr_block": "",
                            "route.398897183.nat_gateway_id": "nat-05bbf431701a0ba20",
                            "route.398897183.network_interface_id": "",
                            "route.398897183.vpc_peering_connection_id": "",
                            "tags.%": "6",
                            "tags.ApplicationName": "CTP Platform Common Services",
                            "tags.BusinessOwner": "devops@ctp",
                            "tags.Environment": "DEV",
                            "tags.Name": "CTP-PCS-DEV-PVT-RTB",
                            "tags.Organization": "CTP-PCS",
                            "tags.TechnicalResource": "DEVOPS",
                            "vpc_id": "vpc-cdc058aa"
                        },
                        "meta": {},
                        "tainted": false
                    },
                    "deposed": [],
                    "provider": ""
                },
                "aws_route_table_association.subnet_rt_assoc.0": {
                    "type": "aws_route_table_association",
                    "depends_on": [
                        "aws_route_table.base_route_table.*",
                        "aws_subnet.base_subnet.*"
                    ],
                    "primary": {
                        "id": "rtbassoc-d62de8af",
                        "attributes": {
                            "id": "rtbassoc-d62de8af",
                            "route_table_id": "rtb-2a8e494c",
                            "subnet_id": "subnet-e98854b2"
                        },
                        "meta": {},
                        "tainted": false
                    },
                    "deposed": [],
                    "provider": ""
                },
                "aws_route_table_association.subnet_rt_assoc.1": {
                    "type": "aws_route_table_association",
                    "depends_on": [
                        "aws_route_table.base_route_table.*",
                        "aws_subnet.base_subnet.*"
                    ],
                    "primary": {
                        "id": "rtbassoc-af26e3d6",
                        "attributes": {
                            "id": "rtbassoc-af26e3d6",
                            "route_table_id": "rtb-6e804708",
                            "subnet_id": "subnet-ebea7a8c"
                        },
                        "meta": {},
                        "tainted": false
                    },
                    "deposed": [],
                    "provider": ""
                },
                "aws_route_table_association.subnet_rt_assoc.2": {
                    "type": "aws_route_table_association",
                    "depends_on": [
                        "aws_route_table.base_route_table.*",
                        "aws_subnet.base_subnet.*"
                    ],
                    "primary": {
                        "id": "rtbassoc-c92de8b0",
                        "attributes": {
                            "id": "rtbassoc-c92de8b0",
                            "route_table_id": "rtb-ae8047c8",
                            "subnet_id": "subnet-9f861ed6"
                        },
                        "meta": {},
                        "tainted": false
                    },
                    "deposed": [],
                    "provider": ""
                },
                "aws_subnet.base_subnet.0": {
                    "type": "aws_subnet",
                    "depends_on": [],
                    "primary": {
                        "id": "subnet-e98854b2",
                        "attributes": {
                            "assign_ipv6_address_on_creation": "false",
                            "availability_zone": "eu-west-1a",
                            "cidr_block": "10.160.2.0/23",
                            "id": "subnet-e98854b2",
                            "map_public_ip_on_launch": "false",
                            "tags.%": "6",
                            "tags.ApplicationName": "CTP Platform Common Services",
                            "tags.BusinessOwner": "devops@ctp",
                            "tags.Environment": "DEV",
                            "tags.Name": "CTP-PCS-DEV-eu-west-1a-PVT-Services-SBT",
                            "tags.Organization": "CTP-PCS",
                            "tags.TechnicalResource": "DEVOPS",
                            "vpc_id": "vpc-cdc058aa"
                        },
                        "meta": {
                            "schema_version": "1"
                        },
                        "tainted": false
                    },
                    "deposed": [],
                    "provider": ""
                },
                "aws_subnet.base_subnet.1": {
                    "type": "aws_subnet",
                    "depends_on": [],
                    "primary": {
                        "id": "subnet-ebea7a8c",
                        "attributes": {
                            "assign_ipv6_address_on_creation": "false",
                            "availability_zone": "eu-west-1b",
                            "cidr_block": "10.160.4.0/23",
                            "id": "subnet-ebea7a8c",
                            "map_public_ip_on_launch": "false",
                            "tags.%": "6",
                            "tags.ApplicationName": "CTP Platform Common Services",
                            "tags.BusinessOwner": "devops@ctp",
                            "tags.Environment": "DEV",
                            "tags.Name": "CTP-PCS-DEV-eu-west-1b-PVT-Services-SBT",
                            "tags.Organization": "CTP-PCS",
                            "tags.TechnicalResource": "DEVOPS",
                            "vpc_id": "vpc-cdc058aa"
                        },
                        "meta": {
                            "schema_version": "1"
                        },
                        "tainted": false
                    },
                    "deposed": [],
                    "provider": ""
                },
                "aws_subnet.base_subnet.2": {
                    "type": "aws_subnet",
                    "depends_on": [],
                    "primary": {
                        "id": "subnet-9f861ed6",
                        "attributes": {
                            "assign_ipv6_address_on_creation": "false",
                            "availability_zone": "eu-west-1c",
                            "cidr_block": "10.160.6.0/23",
                            "id": "subnet-9f861ed6",
                            "map_public_ip_on_launch": "false",
                            "tags.%": "6",
                            "tags.ApplicationName": "CTP Platform Common Services",
                            "tags.BusinessOwner": "devops@ctp",
                            "tags.Environment": "DEV",
                            "tags.Name": "CTP-PCS-DEV-eu-west-1c-PVT-Services-SBT",
                            "tags.Organization": "CTP-PCS",
                            "tags.TechnicalResource": "DEVOPS",
                            "vpc_id": "vpc-cdc058aa"
                        },
                        "meta": {
                            "schema_version": "1"
                        },
                        "tainted": false
                    },
                    "deposed": [],
                    "provider": ""
                },
                "data.aws_vpc.selected": {
                    "type": "aws_vpc",
                    "depends_on": [],
                    "primary": {
                        "id": "vpc-cdc058aa",
                        "attributes": {
                            "cidr_block": "10.160.0.0/18",
                            "default": "false",
                            "dhcp_options_id": "dopt-34876853",
                            "id": "vpc-cdc058aa",
                            "instance_tenancy": "default",
                            "state": "available",
                            "tags.%": "6",
                            "tags.ApplicationName": "CTP Platform Common Services",
                            "tags.BusinessOwner": "devops@ctp",
                            "tags.Environment": "DEV",
                            "tags.Name": "CTP-PCS-DEV-VPC",
                            "tags.Organization": "CTP-PCS",
                            "tags.TechnicalResource": "DEVOPS"
                        },
                        "meta": {},
                        "tainted": false
                    },
                    "deposed": [],
                    "provider": ""
                }
            },
            "depends_on": []
        },
        {
            "path": [
                "root",
                "vpc"
            ],
            "outputs": {
                "cloudwatch_log_group_name": {
                    "sensitive": false,
                    "type": "string",
                    "value": "CTP-PCS-DEV"
                },
                "default_network_acl_id": {
                    "sensitive": false,
                    "type": "string",
                    "value": "acl-24e7d143"
                },
                "main_route_table_id": {
                    "sensitive": false,
                    "type": "string",
                    "value": "rtb-1c8d4a7a"
                },
                "vpc_cidr": {
                    "sensitive": false,
                    "type": "string",
                    "value": "10.160.0.0/18"
                },
                "vpc_id": {
                    "sensitive": false,
                    "type": "string",
                    "value": "vpc-cdc058aa"
                },
                "vpc_name": {
                    "sensitive": false,
                    "type": "string",
                    "value": "CTP-PCS-DEV-VPC"
                }
            },
            "resources": {
                "aws_cloudwatch_log_group.vpc_flow_group": {
                    "type": "aws_cloudwatch_log_group",
                    "depends_on": [],
                    "primary": {
                        "id": "CTP-PCS-DEV",
                        "attributes": {
                            "arn": "arn:aws:logs:eu-west-1:202543853526:log-group:CTP-PCS-DEV:*",
                            "id": "CTP-PCS-DEV",
                            "name": "CTP-PCS-DEV",
                            "retention_in_days": "0",
                            "tags.%": "0"
                        },
                        "meta": {},
                        "tainted": false
                    },
                    "deposed": [],
                    "provider": ""
                },
                "aws_flow_log.vpc_flow_log": {
                    "type": "aws_flow_log",
                    "depends_on": [
                        "aws_cloudwatch_log_group.vpc_flow_group",
                        "aws_iam_role.vpc_flow_role",
                        "aws_vpc.vpc"
                    ],
                    "primary": {
                        "id": "fl-1600f57f",
                        "attributes": {
                            "iam_role_arn": "arn:aws:iam::202543853526:role/CTP-PCS-VPCFlowLog-DEV",
                            "id": "fl-1600f57f",
                            "log_group_name": "CTP-PCS-DEV",
                            "traffic_type": "ALL",
                            "vpc_id": "vpc-cdc058aa"
                        },
                        "meta": {},
                        "tainted": false
                    },
                    "deposed": [],
                    "provider": ""
                },
                "aws_iam_role.vpc_flow_role": {
                    "type": "aws_iam_role",
                    "depends_on": [],
                    "primary": {
                        "id": "CTP-PCS-VPCFlowLog-DEV",
                        "attributes": {
                            "arn": "arn:aws:iam::202543853526:role/CTP-PCS-VPCFlowLog-DEV",
                            "assume_role_policy": "{\"Version\":\"2012-10-17\",\"Statement\":[{\"Sid\":\"\",\"Effect\":\"Allow\",\"Principal\":{\"Service\":\"vpc-flow-logs.amazonaws.com\"},\"Action\":\"sts:AssumeRole\"}]}",
                            "create_date": "2017-08-26T15:36:56Z",
                            "id": "CTP-PCS-VPCFlowLog-DEV",
                            "name": "CTP-PCS-VPCFlowLog-DEV",
                            "path": "/",
                            "unique_id": "AROAJFQXPMEIIKYRRFZFA"
                        },
                        "meta": {},
                        "tainted": false
                    },
                    "deposed": [],
                    "provider": ""
                },
                "aws_iam_role_policy.vpc_flow_policy": {
                    "type": "aws_iam_role_policy",
                    "depends_on": [
                        "aws_iam_role.vpc_flow_role"
                    ],
                    "primary": {
                        "id": "CTP-PCS-VPCFlowLog-DEV:CTP-PCS-VPCFlowLog-Service-Int-DEV",
                        "attributes": {
                            "id": "CTP-PCS-VPCFlowLog-DEV:CTP-PCS-VPCFlowLog-Service-Int-DEV",
                            "name": "CTP-PCS-VPCFlowLog-Service-Int-DEV",
                            "policy": "{\n  \"Version\": \"2012-10-17\",\n  \"Statement\": [\n    {\n      \"Action\": [\n        \"logs:CreateLogGroup\",\n        \"logs:CreateLogStream\",\n        \"logs:PutLogEvents\",\n        \"logs:DescribeLogGroups\",\n        \"logs:DescribeLogStreams\"\n      ],\n      \"Effect\": \"Allow\",\n      \"Resource\": \"*\"\n    }\n  ]\n}\n",
                            "role": "CTP-PCS-VPCFlowLog-DEV"
                        },
                        "meta": {},
                        "tainted": false
                    },
                    "deposed": [],
                    "provider": ""
                },
                "aws_vpc.vpc": {
                    "type": "aws_vpc",
                    "depends_on": [],
                    "primary": {
                        "id": "vpc-cdc058aa",
                        "attributes": {
                            "assign_generated_ipv6_cidr_block": "false",
                            "cidr_block": "10.160.0.0/18",
                            "default_network_acl_id": "acl-24e7d143",
                            "default_route_table_id": "rtb-1c8d4a7a",
                            "default_security_group_id": "sg-ddff82a5",
                            "dhcp_options_id": "dopt-34876853",
                            "enable_classiclink": "false",
                            "enable_dns_hostnames": "true",
                            "enable_dns_support": "true",
                            "id": "vpc-cdc058aa",
                            "instance_tenancy": "default",
                            "main_route_table_id": "rtb-1c8d4a7a",
                            "tags.%": "6",
                            "tags.ApplicationName": "CTP Platform Common Services",
                            "tags.BusinessOwner": "devops@ctp",
                            "tags.Environment": "DEV",
                            "tags.Name": "CTP-PCS-DEV-VPC",
                            "tags.Organization": "CTP-PCS",
                            "tags.TechnicalResource": "DEVOPS"
                        },
                        "meta": {
                            "schema_version": "1"
                        },
                        "tainted": false
                    },
                    "deposed": [],
                    "provider": ""
                }
            },
            "depends_on": []
        },
        {
            "path": [
                "root",
                "vpn"
            ],
            "outputs": {
                "cgw_ids": {
                    "sensitive": false,
                    "type": "string",
                    "value": ""
                },
                "conn_names": {
                    "sensitive": false,
                    "type": "string",
                    "value": ""
                },
                "tunnel_configs": {
                    "sensitive": false,
                    "type": "string",
                    "value": ""
                },
                "vpn_gateway_id": {
                    "sensitive": false,
                    "type": "string",
                    "value": ""
                },
                "vpn_gw_boolean": {
                    "sensitive": false,
                    "type": "string",
                    "value": "true"
                }
            },
            "resources": {},
            "depends_on": []
        },
        {
            "path": [
                "root",
                "workstation_subnets"
            ],
            "outputs": {
                "base_subnet_pcs_route_ids": {
                    "sensitive": false,
                    "type": "list",
                    "value": []
                },
                "nacl_id": {
                    "sensitive": false,
                    "type": "string",
                    "value": "acl-79013c1e"
                },
                "subnet_ids": {
                    "sensitive": false,
                    "type": "list",
                    "value": [
                        "subnet-c7934b9c",
                        "subnet-0fe77b68",
                        "subnet-fa583cb3"
                    ]
                }
            },
            "resources": {
                "aws_network_acl.base_nacl": {
                    "type": "aws_network_acl",
                    "depends_on": [
                        "aws_subnet.base_subnet.*"
                    ],
                    "primary": {
                        "id": "acl-79013c1e",
                        "attributes": {
                            "egress.#": "1",
                            "egress.1401401844.action": "allow",
                            "egress.1401401844.cidr_block": "0.0.0.0/0",
                            "egress.1401401844.from_port": "0",
                            "egress.1401401844.icmp_code": "0",
                            "egress.1401401844.icmp_type": "0",
                            "egress.1401401844.ipv6_cidr_block": "",
                            "egress.1401401844.protocol": "-1",
                            "egress.1401401844.rule_no": "100",
                            "egress.1401401844.to_port": "0",
                            "id": "acl-79013c1e",
                            "ingress.#": "1",
                            "ingress.1401401844.action": "allow",
                            "ingress.1401401844.cidr_block": "0.0.0.0/0",
                            "ingress.1401401844.from_port": "0",
                            "ingress.1401401844.icmp_code": "0",
                            "ingress.1401401844.icmp_type": "0",
                            "ingress.1401401844.ipv6_cidr_block": "",
                            "ingress.1401401844.protocol": "-1",
                            "ingress.1401401844.rule_no": "100",
                            "ingress.1401401844.to_port": "0",
                            "subnet_ids.#": "3",
                            "subnet_ids.223339029": "subnet-0fe77b68",
                            "subnet_ids.3021775138": "subnet-c7934b9c",
                            "subnet_ids.316278084": "subnet-fa583cb3",
                            "tags.%": "6",
                            "tags.ApplicationName": "CTP Platform Common Services",
                            "tags.BusinessOwner": "devops@ctp",
                            "tags.Environment": "DEV",
                            "tags.Name": "CTP-PCS-DEV-PVT-NACL",
                            "tags.Organization": "CTP-PCS",
                            "tags.TechnicalResource": "DEVOPS",
                            "vpc_id": "vpc-cdc058aa"
                        },
                        "meta": {},
                        "tainted": false
                    },
                    "deposed": [],
                    "provider": ""
                },
                "aws_network_acl_rule.dmz_egress_100": {
                    "type": "aws_network_acl_rule",
                    "depends_on": [
                        "aws_network_acl.base_nacl"
                    ],
                    "primary": {
                        "id": "nacl-2656035955",
                        "attributes": {
                            "cidr_block": "0.0.0.0/0",
                            "egress": "true",
                            "id": "nacl-2656035955",
                            "ipv6_cidr_block": "",
                            "network_acl_id": "acl-79013c1e",
                            "protocol": "all",
                            "rule_action": "allow",
                            "rule_number": "100"
                        },
                        "meta": {},
                        "tainted": false
                    },
                    "deposed": [],
                    "provider": ""
                },
                "aws_network_acl_rule.dmz_ingress_100": {
                    "type": "aws_network_acl_rule",
                    "depends_on": [
                        "aws_network_acl.base_nacl"
                    ],
                    "primary": {
                        "id": "nacl-3936611295",
                        "attributes": {
                            "cidr_block": "0.0.0.0/0",
                            "egress": "false",
                            "id": "nacl-3936611295",
                            "ipv6_cidr_block": "",
                            "network_acl_id": "acl-79013c1e",
                            "protocol": "all",
                            "rule_action": "allow",
                            "rule_number": "100"
                        },
                        "meta": {},
                        "tainted": false
                    },
                    "deposed": [],
                    "provider": ""
                },
                "aws_route.base_subnet_outbound_route.0": {
                    "type": "aws_route",
                    "depends_on": [
                        "aws_route_table.base_route_table.*"
                    ],
                    "primary": {
                        "id": "r-rtb-bbe321dd1080289494",
                        "attributes": {
                            "destination_cidr_block": "0.0.0.0/0",
                            "destination_prefix_list_id": "",
                            "egress_only_gateway_id": "",
                            "gateway_id": "",
                            "id": "r-rtb-bbe321dd1080289494",
                            "instance_id": "",
                            "instance_owner_id": "",
                            "nat_gateway_id": "nat-003287c7879ac07af",
                            "network_interface_id": "",
                            "origin": "CreateRoute",
                            "route_table_id": "rtb-bbe321dd",
                            "state": "active",
                            "vpc_peering_connection_id": ""
                        },
                        "meta": {},
                        "tainted": false
                    },
                    "deposed": [],
                    "provider": ""
                },
                "aws_route.base_subnet_outbound_route.1": {
                    "type": "aws_route",
                    "depends_on": [
                        "aws_route_table.base_route_table.*"
                    ],
                    "primary": {
                        "id": "r-rtb-e5e624831080289494",
                        "attributes": {
                            "destination_cidr_block": "0.0.0.0/0",
                            "destination_prefix_list_id": "",
                            "egress_only_gateway_id": "",
                            "gateway_id": "",
                            "id": "r-rtb-e5e624831080289494",
                            "instance_id": "",
                            "instance_owner_id": "",
                            "nat_gateway_id": "nat-039d8a29d83e89184",
                            "network_interface_id": "",
                            "origin": "CreateRoute",
                            "route_table_id": "rtb-e5e62483",
                            "state": "active",
                            "vpc_peering_connection_id": ""
                        },
                        "meta": {},
                        "tainted": false
                    },
                    "deposed": [],
                    "provider": ""
                },
                "aws_route.base_subnet_outbound_route.2": {
                    "type": "aws_route",
                    "depends_on": [
                        "aws_route_table.base_route_table.*"
                    ],
                    "primary": {
                        "id": "r-rtb-e2e624841080289494",
                        "attributes": {
                            "destination_cidr_block": "0.0.0.0/0",
                            "destination_prefix_list_id": "",
                            "egress_only_gateway_id": "",
                            "gateway_id": "",
                            "id": "r-rtb-e2e624841080289494",
                            "instance_id": "",
                            "instance_owner_id": "",
                            "nat_gateway_id": "nat-05bbf431701a0ba20",
                            "network_interface_id": "",
                            "origin": "CreateRoute",
                            "route_table_id": "rtb-e2e62484",
                            "state": "active",
                            "vpc_peering_connection_id": ""
                        },
                        "meta": {},
                        "tainted": false
                    },
                    "deposed": [],
                    "provider": ""
                },
                "aws_route_table.base_route_table.0": {
                    "type": "aws_route_table",
                    "depends_on": [],
                    "primary": {
                        "id": "rtb-bbe321dd",
                        "attributes": {
                            "id": "rtb-bbe321dd",
                            "propagating_vgws.#": "0",
                            "route.#": "1",
                            "route.183948145.cidr_block": "0.0.0.0/0",
                            "route.183948145.egress_only_gateway_id": "",
                            "route.183948145.gateway_id": "",
                            "route.183948145.instance_id": "",
                            "route.183948145.ipv6_cidr_block": "",
                            "route.183948145.nat_gateway_id": "nat-003287c7879ac07af",
                            "route.183948145.network_interface_id": "",
                            "route.183948145.vpc_peering_connection_id": "",
                            "tags.%": "6",
                            "tags.ApplicationName": "CTP Platform Common Services",
                            "tags.BusinessOwner": "devops@ctp",
                            "tags.Environment": "DEV",
                            "tags.Name": "CTP-PCS-DEV-PVT-RTB",
                            "tags.Organization": "CTP-PCS",
                            "tags.TechnicalResource": "DEVOPS",
                            "vpc_id": "vpc-cdc058aa"
                        },
                        "meta": {},
                        "tainted": false
                    },
                    "deposed": [],
                    "provider": ""
                },
                "aws_route_table.base_route_table.1": {
                    "type": "aws_route_table",
                    "depends_on": [],
                    "primary": {
                        "id": "rtb-e5e62483",
                        "attributes": {
                            "id": "rtb-e5e62483",
                            "propagating_vgws.#": "0",
                            "route.#": "1",
                            "route.1162529806.cidr_block": "0.0.0.0/0",
                            "route.1162529806.egress_only_gateway_id": "",
                            "route.1162529806.gateway_id": "",
                            "route.1162529806.instance_id": "",
                            "route.1162529806.ipv6_cidr_block": "",
                            "route.1162529806.nat_gateway_id": "nat-039d8a29d83e89184",
                            "route.1162529806.network_interface_id": "",
                            "route.1162529806.vpc_peering_connection_id": "",
                            "tags.%": "6",
                            "tags.ApplicationName": "CTP Platform Common Services",
                            "tags.BusinessOwner": "devops@ctp",
                            "tags.Environment": "DEV",
                            "tags.Name": "CTP-PCS-DEV-PVT-RTB",
                            "tags.Organization": "CTP-PCS",
                            "tags.TechnicalResource": "DEVOPS",
                            "vpc_id": "vpc-cdc058aa"
                        },
                        "meta": {},
                        "tainted": false
                    },
                    "deposed": [],
                    "provider": ""
                },
                "aws_route_table.base_route_table.2": {
                    "type": "aws_route_table",
                    "depends_on": [],
                    "primary": {
                        "id": "rtb-e2e62484",
                        "attributes": {
                            "id": "rtb-e2e62484",
                            "propagating_vgws.#": "0",
                            "route.#": "1",
                            "route.398897183.cidr_block": "0.0.0.0/0",
                            "route.398897183.egress_only_gateway_id": "",
                            "route.398897183.gateway_id": "",
                            "route.398897183.instance_id": "",
                            "route.398897183.ipv6_cidr_block": "",
                            "route.398897183.nat_gateway_id": "nat-05bbf431701a0ba20",
                            "route.398897183.network_interface_id": "",
                            "route.398897183.vpc_peering_connection_id": "",
                            "tags.%": "6",
                            "tags.ApplicationName": "CTP Platform Common Services",
                            "tags.BusinessOwner": "devops@ctp",
                            "tags.Environment": "DEV",
                            "tags.Name": "CTP-PCS-DEV-PVT-RTB",
                            "tags.Organization": "CTP-PCS",
                            "tags.TechnicalResource": "DEVOPS",
                            "vpc_id": "vpc-cdc058aa"
                        },
                        "meta": {},
                        "tainted": false
                    },
                    "deposed": [],
                    "provider": ""
                },
                "aws_route_table_association.subnet_rt_assoc.0": {
                    "type": "aws_route_table_association",
                    "depends_on": [
                        "aws_route_table.base_route_table.*",
                        "aws_subnet.base_subnet.*"
                    ],
                    "primary": {
                        "id": "rtbassoc-37ec214e",
                        "attributes": {
                            "id": "rtbassoc-37ec214e",
                            "route_table_id": "rtb-bbe321dd",
                            "subnet_id": "subnet-c7934b9c"
                        },
                        "meta": {},
                        "tainted": false
                    },
                    "deposed": [],
                    "provider": ""
                },
                "aws_route_table_association.subnet_rt_assoc.1": {
                    "type": "aws_route_table_association",
                    "depends_on": [
                        "aws_route_table.base_route_table.*",
                        "aws_subnet.base_subnet.*"
                    ],
                    "primary": {
                        "id": "rtbassoc-a4d21fdd",
                        "attributes": {
                            "id": "rtbassoc-a4d21fdd",
                            "route_table_id": "rtb-e5e62483",
                            "subnet_id": "subnet-0fe77b68"
                        },
                        "meta": {},
                        "tainted": false
                    },
                    "deposed": [],
                    "provider": ""
                },
                "aws_route_table_association.subnet_rt_assoc.2": {
                    "type": "aws_route_table_association",
                    "depends_on": [
                        "aws_route_table.base_route_table.*",
                        "aws_subnet.base_subnet.*"
                    ],
                    "primary": {
                        "id": "rtbassoc-7bec2102",
                        "attributes": {
                            "id": "rtbassoc-7bec2102",
                            "route_table_id": "rtb-e2e62484",
                            "subnet_id": "subnet-fa583cb3"
                        },
                        "meta": {},
                        "tainted": false
                    },
                    "deposed": [],
                    "provider": ""
                },
                "aws_subnet.base_subnet.0": {
                    "type": "aws_subnet",
                    "depends_on": [],
                    "primary": {
                        "id": "subnet-c7934b9c",
                        "attributes": {
                            "assign_ipv6_address_on_creation": "false",
                            "availability_zone": "eu-west-1a",
                            "cidr_block": "10.160.17.0/24",
                            "id": "subnet-c7934b9c",
                            "map_public_ip_on_launch": "false",
                            "tags.%": "6",
                            "tags.ApplicationName": "CTP Platform Common Services",
                            "tags.BusinessOwner": "devops@ctp",
                            "tags.Environment": "DEV",
                            "tags.Name": "CTP-PCS-DEV-eu-west-1a-PVT-Workstations-SBT",
                            "tags.Organization": "CTP-PCS",
                            "tags.TechnicalResource": "DEVOPS",
                            "vpc_id": "vpc-cdc058aa"
                        },
                        "meta": {
                            "schema_version": "1"
                        },
                        "tainted": false
                    },
                    "deposed": [],
                    "provider": ""
                },
                "aws_subnet.base_subnet.1": {
                    "type": "aws_subnet",
                    "depends_on": [],
                    "primary": {
                        "id": "subnet-0fe77b68",
                        "attributes": {
                            "assign_ipv6_address_on_creation": "false",
                            "availability_zone": "eu-west-1b",
                            "cidr_block": "10.160.18.0/24",
                            "id": "subnet-0fe77b68",
                            "map_public_ip_on_launch": "false",
                            "tags.%": "6",
                            "tags.ApplicationName": "CTP Platform Common Services",
                            "tags.BusinessOwner": "devops@ctp",
                            "tags.Environment": "DEV",
                            "tags.Name": "CTP-PCS-DEV-eu-west-1b-PVT-Workstations-SBT",
                            "tags.Organization": "CTP-PCS",
                            "tags.TechnicalResource": "DEVOPS",
                            "vpc_id": "vpc-cdc058aa"
                        },
                        "meta": {
                            "schema_version": "1"
                        },
                        "tainted": false
                    },
                    "deposed": [],
                    "provider": ""
                },
                "aws_subnet.base_subnet.2": {
                    "type": "aws_subnet",
                    "depends_on": [],
                    "primary": {
                        "id": "subnet-fa583cb3",
                        "attributes": {
                            "assign_ipv6_address_on_creation": "false",
                            "availability_zone": "eu-west-1c",
                            "cidr_block": "10.160.19.0/24",
                            "id": "subnet-fa583cb3",
                            "map_public_ip_on_launch": "false",
                            "tags.%": "6",
                            "tags.ApplicationName": "CTP Platform Common Services",
                            "tags.BusinessOwner": "devops@ctp",
                            "tags.Environment": "DEV",
                            "tags.Name": "CTP-PCS-DEV-eu-west-1c-PVT-Workstations-SBT",
                            "tags.Organization": "CTP-PCS",
                            "tags.TechnicalResource": "DEVOPS",
                            "vpc_id": "vpc-cdc058aa"
                        },
                        "meta": {
                            "schema_version": "1"
                        },
                        "tainted": false
                    },
                    "deposed": [],
                    "provider": ""
                },
                "data.aws_vpc.selected": {
                    "type": "aws_vpc",
                    "depends_on": [],
                    "primary": {
                        "id": "vpc-cdc058aa",
                        "attributes": {
                            "cidr_block": "10.160.0.0/18",
                            "default": "false",
                            "dhcp_options_id": "dopt-34876853",
                            "id": "vpc-cdc058aa",
                            "instance_tenancy": "default",
                            "state": "available",
                            "tags.%": "6",
                            "tags.ApplicationName": "CTP Platform Common Services",
                            "tags.BusinessOwner": "devops@ctp",
                            "tags.Environment": "DEV",
                            "tags.Name": "CTP-PCS-DEV-VPC",
                            "tags.Organization": "CTP-PCS",
                            "tags.TechnicalResource": "DEVOPS"
                        },
                        "meta": {},
                        "tainted": false
                    },
                    "deposed": [],
                    "provider": ""
                }
            },
            "depends_on": []
        }
    ]
}
