{
    "version": 3,
    "terraform_version": "0.9.11",
    "serial": 1,
    "lineage": "03cb742a-5fac-464b-8eeb-4780c07ad3f7",
    "modules": [
        {
            "path": [
                "root"
            ],
            "outputs": {
                "zone_association_identifier": {
                    "sensitive": false,
                    "type": "string",
                    "value": "Z2211048JUNJVY"
                },
                "zone_id": {
                    "sensitive": false,
                    "type": "string",
                    "value": "Z2211048JUNJVY"
                }
            },
            "resources": {
                "data.consul_keys.config": {
                    "type": "consul_keys",
                    "depends_on": [],
                    "primary": {
                        "id": "-",
                        "attributes": {
                            "datacenter": "eu-west-1",
                            "id": "-",
                            "key.#": "5",
                            "key.1348619403.default": "",
                            "key.1348619403.name": "environment",
                            "key.1348619403.path": "aws/pcs/config/environment",
                            "key.1411118419.default": "",
                            "key.1411118419.name": "default_tags",
                            "key.1411118419.path": "aws/pcs/config/default_tags",
                            "key.3974727853.default": "",
                            "key.3974727853.name": "group",
                            "key.3974727853.path": "aws/pcs/config/group",
                            "key.4137407122.default": "",
                            "key.4137407122.name": "region",
                            "key.4137407122.path": "aws/pcs/config/region",
                            "key.429766934.default": "",
                            "key.429766934.name": "org",
                            "key.429766934.path": "aws/pcs/config/org",
                            "var.%": "5",
                            "var.default_tags": "{\"ApplicationName\":\"VMDB Platform Common Services\",\"BusinessOwner\":\"jeremy.walters@virginmoney.com\",\"Environment\":\"SBX\",\"Organization\":\"VMDB-PCS\",\"TechnicalResource\":\"CTP\"}",
                            "var.environment": "SBX",
                            "var.group": "PCS",
                            "var.org": "VMDB-PCS",
                            "var.region": "eu-west-1"
                        },
                        "meta": {},
                        "tainted": false
                    },
                    "deposed": [],
                    "provider": ""
                },
                "data.terraform_remote_state.vpc": {
                    "type": "terraform_remote_state",
                    "depends_on": [],
                    "primary": {
                        "id": "2017-09-05 18:56:08.050202625 +0000 UTC",
                        "attributes": {
                            "VPC_Endpoint": "vpce-6f1be606",
                            "azs.#": "3",
                            "azs.0": "eu-west-1a",
                            "azs.1": "eu-west-1b",
                            "azs.2": "eu-west-1c",
                            "backend": "consul",
                            "common_sg": "sg-0b7f3973",
                            "config.%": "1",
                            "config.path": "aws/pcs/vpc/tfstate",
                            "data_subnet_ids.#": "3",
                            "data_subnet_ids.0": "subnet-2a610663",
                            "data_subnet_ids.1": "subnet-8d528ad6",
                            "data_subnet_ids.2": "subnet-4e25b929",
                            "devopsclients_subnet_ids.#": "3",
                            "devopsclients_subnet_ids.0": "subnet-8e6403c7",
                            "devopsclients_subnet_ids.1": "subnet-de558d85",
                            "devopsclients_subnet_ids.2": "subnet-da24b8bd",
                            "dmz_subnets_ids.#": "3",
                            "dmz_subnets_ids.0": "subnet-2c610665",
                            "dmz_subnets_ids.1": "subnet-b6558ded",
                            "dmz_subnets_ids.2": "subnet-1c25b97b",
                            "environment": "pcs-sbx-eu-west-1",
                            "id": "2017-09-05 18:56:08.050202625 +0000 UTC",
                            "openvpn_address": "34.248.232.231",
                            "openvpn_sg": "sg-63793f1b",
                            "rdp_sg": "sg-ea86c092",
                            "sec_service_sg": "sg-0a7f3972",
                            "security_subnet_ids.#": "3",
                            "security_subnet_ids.0": "subnet-3563047c",
                            "security_subnet_ids.1": "subnet-fa538ba1",
                            "security_subnet_ids.2": "subnet-5c26ba3b",
                            "service_subnet_ids.#": "3",
                            "service_subnet_ids.0": "subnet-3263047b",
                            "service_subnet_ids.1": "subnet-33528a68",
                            "service_subnet_ids.2": "subnet-be25b9d9",
                            "ssh_sg": "sg-8d7a3cf5",
                            "vpc_cidr": "10.160.0.0/18",
                            "vpc_id": "vpc-52197e35",
                            "vpc_name": "VMDB-PCS-SBX-VPC"
                        },
                        "meta": {},
                        "tainted": false
                    },
                    "deposed": [],
                    "provider": ""
                }
            },
            "depends_on": []
        },
        {
            "path": [
                "root",
                "route53zone"
            ],
            "outputs": {
                "zone_association_identifier": {
                    "sensitive": false,
                    "type": "string",
                    "value": "Z2211048JUNJVY"
                },
                "zone_id": {
                    "sensitive": false,
                    "type": "string",
                    "value": "Z2211048JUNJVY"
                }
            },
            "resources": {
                "aws_route53_zone.private_zone": {
                    "type": "aws_route53_zone",
                    "depends_on": [],
                    "primary": {
                        "id": "Z2211048JUNJVY",
                        "attributes": {
                            "comment": "private route53 zone ",
                            "force_destroy": "false",
                            "id": "Z2211048JUNJVY",
                            "name": "PCS-SBX.VMDB-PCS.internal",
                            "name_servers.#": "4",
                            "name_servers.0": "ns-0.awsdns-00.com.",
                            "name_servers.1": "ns-1024.awsdns-00.org.",
                            "name_servers.2": "ns-1536.awsdns-00.co.uk.",
                            "name_servers.3": "ns-512.awsdns-00.net.",
                            "tags.%": "6",
                            "tags.ApplicationName": "VMDB Platform Common Services",
                            "tags.BusinessOwner": "jeremy.walters@virginmoney.com",
                            "tags.Environment": "SBX",
                            "tags.Name": "VMDB-PCS-SBX-Route53--zone",
                            "tags.Organization": "VMDB-PCS",
                            "tags.TechnicalResource": "CTP",
                            "vpc_id": "vpc-52197e35",
                            "vpc_region": "eu-west-1",
                            "zone_id": "Z2211048JUNJVY"
                        },
                        "meta": {},
                        "tainted": false
                    },
                    "deposed": [],
                    "provider": ""
                },
                "consul_keys.zonekeys": {
                    "type": "consul_keys",
                    "depends_on": [
                        "aws_route53_zone.private_zone"
                    ],
                    "primary": {
                        "id": "consul",
                        "attributes": {
                            "datacenter": "eu-west-1",
                            "id": "consul",
                            "key.#": "1",
                            "key.3657656966.default": "",
                            "key.3657656966.delete": "true",
                            "key.3657656966.name": "",
                            "key.3657656966.path": "aws/pcs/route53/zone_id",
                            "key.3657656966.value": "Z2211048JUNJVY",
                            "var.%": "0"
                        },
                        "meta": {
                            "schema_version": "1"
                        },
                        "tainted": false
                    },
                    "deposed": [],
                    "provider": ""
                }
            },
            "depends_on": []
        }
    ]
}
