{
    "version": 3,
    "terraform_version": "0.9.11",
    "serial": 1,
    "lineage": "b2317195-dcbc-4f0b-b7b6-72f31246de7f",
    "modules": [
        {
            "path": [
                "root"
            ],
            "outputs": {
                "zone_association_identifier": {
                    "sensitive": false,
                    "type": "string",
                    "value": "ZYDPJAM427TX5"
                },
                "zone_id": {
                    "sensitive": false,
                    "type": "string",
                    "value": "ZYDPJAM427TX5"
                }
            },
            "resources": {
                "data.consul_keys.config": {
                    "type": "consul_keys",
                    "depends_on": [],
                    "primary": {
                        "id": "-",
                        "attributes": {
                            "datacenter": "eu-west-1",
                            "id": "-",
                            "key.#": "5",
                            "key.1348619403.default": "",
                            "key.1348619403.name": "environment",
                            "key.1348619403.path": "aws/pcs/config/environment",
                            "key.1411118419.default": "",
                            "key.1411118419.name": "default_tags",
                            "key.1411118419.path": "aws/pcs/config/default_tags",
                            "key.3974727853.default": "",
                            "key.3974727853.name": "group",
                            "key.3974727853.path": "aws/pcs/config/group",
                            "key.4137407122.default": "",
                            "key.4137407122.name": "region",
                            "key.4137407122.path": "aws/pcs/config/region",
                            "key.429766934.default": "",
                            "key.429766934.name": "org",
                            "key.429766934.path": "aws/pcs/config/org",
                            "var.%": "5",
                            "var.default_tags": "",
                            "var.environment": "DEV",
                            "var.group": "",
                            "var.org": "CTP-PCS",
                            "var.region": "eu-west-1"
                        },
                        "meta": {},
                        "tainted": false
                    },
                    "deposed": [],
                    "provider": ""
                },
                "data.terraform_remote_state.consul": {
                    "type": "terraform_remote_state",
                    "depends_on": [],
                    "primary": {
                        "id": "2017-08-28 20:37:03.674782154 +0000 UTC",
                        "attributes": {
                            "backend": "consul",
                            "config.%": "1",
                            "config.path": "aws/pcs/consul/tfstate",
                            "consul_address": "10.160.3.50",
                            "consul_address_url": "http://10.160.3.50:8500",
                            "consul_agent_sg_id": "sg-4ce29f34",
                            "consul_cluster_sg_id": "sg-4de29f35",
                            "consul_data_center": "eu-west-1",
                            "consul_node_list.#": "3",
                            "consul_node_list.0": "10.160.5.10,10.160.6.145",
                            "consul_node_list.1": "10.160.5.10",
                            "consul_node_list.2": "10.160.6.145",
                            "environment": "pcs-dev-eu-west-1",
                            "id": "2017-08-28 20:37:03.674782154 +0000 UTC"
                        },
                        "meta": {},
                        "tainted": false
                    },
                    "deposed": [],
                    "provider": ""
                },
                "data.terraform_remote_state.vault": {
                    "type": "terraform_remote_state",
                    "depends_on": [],
                    "primary": {
                        "id": "2017-08-28 20:37:03.378157099 +0000 UTC",
                        "attributes": {
                            "backend": "consul",
                            "config.%": "1",
                            "config.path": "aws/pcs/vault/tfstate",
                            "environment": "pcs-dev-eu-west-1",
                            "id": "2017-08-28 20:37:03.378157099 +0000 UTC",
                            "vault_address": "10.160.3.212",
                            "vault_cluster_name": "ctp-pcs-dev-vault_pcs",
                            "vault_iam_profile_name": "CTP-PCS-InstanceRole-policy",
                            "vault_sg_id": "sg-671a661f",
                            "vault_url": "http://10.160.3.212:8200"
                        },
                        "meta": {},
                        "tainted": false
                    },
                    "deposed": [],
                    "provider": ""
                },
                "data.terraform_remote_state.vpc": {
                    "type": "terraform_remote_state",
                    "depends_on": [],
                    "primary": {
                        "id": "2017-08-28 20:37:04.283258987 +0000 UTC",
                        "attributes": {
                            "VPC_Endpoint": "vpce-04f5086d",
                            "azs.#": "3",
                            "azs.0": "eu-west-1a",
                            "azs.1": "eu-west-1b",
                            "azs.2": "eu-west-1c",
                            "backend": "consul",
                            "common_sg": "sg-64fb861c",
                            "config.%": "1",
                            "config.path": "aws/pcs/vpc/tfstate",
                            "data_subnet_ids.#": "3",
                            "data_subnet_ids.0": "subnet-2684587d",
                            "data_subnet_ids.1": "subnet-29eb7b4e",
                            "data_subnet_ids.2": "subnet-4f861e06",
                            "devopsclients_subnet_ids.#": "3",
                            "devopsclients_subnet_ids.0": "subnet-0f885454",
                            "devopsclients_subnet_ids.1": "subnet-29ee7e4e",
                            "devopsclients_subnet_ids.2": "subnet-b8ba22f1",
                            "dmz_subnets_ids.#": "3",
                            "dmz_subnets_ids.0": "subnet-08885453",
                            "dmz_subnets_ids.1": "subnet-6dec7c0a",
                            "dmz_subnets_ids.2": "subnet-58b92111",
                            "environment": "pcs-dev-eu-west-1",
                            "id": "2017-08-28 20:37:04.283258987 +0000 UTC",
                            "openvpn_address": "34.250.132.73",
                            "openvpn_sg": "sg-4df78a35",
                            "rdp_sg": "sg-29fa8751",
                            "security_subnet_ids.#": "3",
                            "security_subnet_ids.0": "subnet-a18a56fa",
                            "security_subnet_ids.1": "subnet-38ec7c5f",
                            "security_subnet_ids.2": "subnet-7eba2237",
                            "service_subnet_ids.#": "3",
                            "service_subnet_ids.0": "subnet-e98854b2",
                            "service_subnet_ids.1": "subnet-ebea7a8c",
                            "service_subnet_ids.2": "subnet-9f861ed6",
                            "ssh_sg": "sg-ecfa8794",
                            "vpc_cidr": "10.160.0.0/18",
                            "vpc_id": "vpc-cdc058aa",
                            "vpc_name": "CTP-PCS-DEV-VPC"
                        },
                        "meta": {},
                        "tainted": false
                    },
                    "deposed": [],
                    "provider": ""
                }
            },
            "depends_on": []
        },
        {
            "path": [
                "root",
                "route53zone"
            ],
            "outputs": {
                "zone_association_identifier": {
                    "sensitive": false,
                    "type": "string",
                    "value": "ZYDPJAM427TX5"
                },
                "zone_id": {
                    "sensitive": false,
                    "type": "string",
                    "value": "ZYDPJAM427TX5"
                }
            },
            "resources": {
                "aws_route53_zone.private_zone": {
                    "type": "aws_route53_zone",
                    "depends_on": [],
                    "primary": {
                        "id": "ZYDPJAM427TX5",
                        "attributes": {
                            "comment": "private route53 zone ",
                            "force_destroy": "false",
                            "id": "ZYDPJAM427TX5",
                            "name": "-DEV.CTP-PCS.internal",
                            "name_servers.#": "4",
                            "name_servers.0": "ns-0.awsdns-00.com.",
                            "name_servers.1": "ns-1024.awsdns-00.org.",
                            "name_servers.2": "ns-1536.awsdns-00.co.uk.",
                            "name_servers.3": "ns-512.awsdns-00.net.",
                            "tags.%": "6",
                            "tags.ApplicationName": "Route53",
                            "tags.BusinessOwner": "Kacy.Clarke@cloudtp.com",
                            "tags.Environment": "SBX",
                            "tags.Name": "CTP-PCS--DEV-Route53--zone",
                            "tags.Organization": "VMDB",
                            "tags.TechnicalResource": "Jeff.Dickman@cloudtp.com",
                            "vpc_id": "vpc-cdc058aa",
                            "vpc_region": "eu-west-1",
                            "zone_id": "ZYDPJAM427TX5"
                        },
                        "meta": {},
                        "tainted": false
                    },
                    "deposed": [],
                    "provider": ""
                },
                "consul_keys.zonekeys": {
                    "type": "consul_keys",
                    "depends_on": [
                        "aws_route53_zone.private_zone"
                    ],
                    "primary": {
                        "id": "consul",
                        "attributes": {
                            "datacenter": "eu-west-1",
                            "id": "consul",
                            "key.#": "1",
                            "key.2340959269.default": "",
                            "key.2340959269.delete": "true",
                            "key.2340959269.name": "",
                            "key.2340959269.path": "aws/pcs/route53/zone_id",
                            "key.2340959269.value": "ZYDPJAM427TX5",
                            "var.%": "0"
                        },
                        "meta": {
                            "schema_version": "1"
                        },
                        "tainted": false
                    },
                    "deposed": [],
                    "provider": ""
                }
            },
            "depends_on": []
        }
    ]
}
